// !$*UTF8*$!
{
	archiveVersion = 1;
	classes = {
	};
	objectVersion = 55;
	objects = {

/* Begin PBXBuildFile section */
		2680599527E2B5220089FE3A /* AppDelegate.swift in Sources */ = {isa = PBXBuildFile; fileRef = 2680599427E2B5220089FE3A /* AppDelegate.swift */; };
		2680599727E2B5220089FE3A /* SceneDelegate.swift in Sources */ = {isa = PBXBuildFile; fileRef = 2680599627E2B5220089FE3A /* SceneDelegate.swift */; };
		2680599927E2B5220089FE3A /* ViewController.swift in Sources */ = {isa = PBXBuildFile; fileRef = 2680599827E2B5220089FE3A /* ViewController.swift */; };
		2680599C27E2B5220089FE3A /* Main.storyboard in Resources */ = {isa = PBXBuildFile; fileRef = 2680599A27E2B5220089FE3A /* Main.storyboard */; };
		2680599E27E2B5260089FE3A /* Assets.xcassets in Resources */ = {isa = PBXBuildFile; fileRef = 2680599D27E2B5260089FE3A /* Assets.xcassets */; };
		268059A127E2B5260089FE3A /* LaunchScreen.storyboard in Resources */ = {isa = PBXBuildFile; fileRef = 2680599F27E2B5260089FE3A /* LaunchScreen.storyboard */; };
		268059BB27E2F8C50089FE3A /* TicTacToeGame.swift in Sources */ = {isa = PBXBuildFile; fileRef = 268059BA27E2F8C50089FE3A /* TicTacToeGame.swift */; };
		26987C3827E8A9BE0004A76E /* O.png in Resources */ = {isa = PBXBuildFile; fileRef = 26987C3327E8A9BD0004A76E /* O.png */; };
		26987C3927E8A9BE0004A76E /* empty.png in Resources */ = {isa = PBXBuildFile; fileRef = 26987C3427E8A9BE0004A76E /* empty.png */; };
		26987C3A27E8A9BE0004A76E /* X.png in Resources */ = {isa = PBXBuildFile; fileRef = 26987C3527E8A9BE0004A76E /* X.png */; };
		26987C3B27E8A9BE0004A76E /* board.png in Resources */ = {isa = PBXBuildFile; fileRef = 26987C3627E8A9BE0004A76E /* board.png */; };
		26B009F32A7216B3005CCFF4 /* Icon-72.png in Resources */ = {isa = PBXBuildFile; fileRef = 26B009F02A7216B3005CCFF4 /* Icon-72.png */; };
		26B009F42A7216B3005CCFF4 /* Icon@2x.png in Resources */ = {isa = PBXBuildFile; fileRef = 26B009F12A7216B3005CCFF4 /* Icon@2x.png */; };
		26B009F52A7216B3005CCFF4 /* Icon.png in Resources */ = {isa = PBXBuildFile; fileRef = 26B009F22A7216B3005CCFF4 /* Icon.png */; };
/* End PBXBuildFile section */

/* Begin PBXFileReference section */
		2680599127E2B5220089FE3A /* Tic Tac Toe.app */ = {isa = PBXFileReference; explicitFileType = wrapper.application; includeInIndex = 0; path = "Tic Tac Toe.app"; sourceTree = BUILT_PRODUCTS_DIR; };
		2680599427E2B5220089FE3A /* AppDelegate.swift */ = {isa = PBXFileReference; lastKnownFileType = sourcecode.swift; path = AppDelegate.swift; sourceTree = "<group>"; };
		2680599627E2B5220089FE3A /* SceneDelegate.swift */ = {isa = PBXFileReference; lastKnownFileType = sourcecode.swift; path = SceneDelegate.swift; sourceTree = "<group>"; };
		2680599827E2B5220089FE3A /* ViewController.swift */ = {isa = PBXFileReference; lastKnownFileType = sourcecode.swift; path = ViewController.swift; sourceTree = "<group>"; };
		2680599B27E2B5220089FE3A /* Base */ = {isa = PBXFileReference; lastKnownFileType = file.storyboard; name = Base; path = Base.lproj/Main.storyboard; sourceTree = "<group>"; };
		2680599D27E2B5260089FE3A /* Assets.xcassets */ = {isa = PBXFileReference; lastKnownFileType = folder.assetcatalog; path = Assets.xcassets; sourceTree = "<group>"; };
		268059A027E2B5260089FE3A /* Base */ = {isa = PBXFileReference; lastKnownFileType = file.storyboard; name = Base; path = Base.lproj/LaunchScreen.storyboard; sourceTree = "<group>"; };
		268059A227E2B5260089FE3A /* Info.plist */ = {isa = PBXFileReference; lastKnownFileType = text.plist.xml; path = Info.plist; sourceTree = "<group>"; };
		268059BA27E2F8C50089FE3A /* TicTacToeGame.swift */ = {isa = PBXFileReference; lastKnownFileType = sourcecode.swift; path = TicTacToeGame.swift; sourceTree = "<group>"; };
		26987C3327E8A9BD0004A76E /* O.png */ = {isa = PBXFileReference; lastKnownFileType = image.png; path = O.png; sourceTree = "<group>"; };
		26987C3427E8A9BE0004A76E /* empty.png */ = {isa = PBXFileReference; lastKnownFileType = image.png; path = empty.png; sourceTree = "<group>"; };
		26987C3527E8A9BE0004A76E /* X.png */ = {isa = PBXFileReference; lastKnownFileType = image.png; path = X.png; sourceTree = "<group>"; };
		26987C3627E8A9BE0004A76E /* board.png */ = {isa = PBXFileReference; lastKnownFileType = image.png; path = board.png; sourceTree = "<group>"; };
		26B009F02A7216B3005CCFF4 /* Icon-72.png */ = {isa = PBXFileReference; lastKnownFileType = image.png; path = "Icon-72.png"; sourceTree = "<group>"; };
		26B009F12A7216B3005CCFF4 /* Icon@2x.png */ = {isa = PBXFileReference; lastKnownFileType = image.png; path = "Icon@2x.png"; sourceTree = "<group>"; };
		26B009F22A7216B3005CCFF4 /* Icon.png */ = {isa = PBXFileReference; lastKnownFileType = image.png; path = Icon.png; sourceTree = "<group>"; };
/* End PBXFileReference section */

/* Begin PBXFrameworksBuildPhase section */
		2680598E27E2B5220089FE3A /* Frameworks */ = {
			isa = PBXFrameworksBuildPhase;
			buildActionMask = 2147483647;
			files = (
			);
			runOnlyForDeploymentPostprocessing = 0;
		};
/* End PBXFrameworksBuildPhase section */

/* Begin PBXGroup section */
		2680598827E2B5220089FE3A = {
			isa = PBXGroup;
			children = (
				2680599327E2B5220089FE3A /* Tic Tac Toe */,
				2680599227E2B5220089FE3A /* Products */,
			);
			sourceTree = "<group>";
		};
		2680599227E2B5220089FE3A /* Products */ = {
			isa = PBXGroup;
			children = (
				2680599127E2B5220089FE3A /* Tic Tac Toe.app */,
			);
			name = Products;
			sourceTree = "<group>";
		};
		2680599327E2B5220089FE3A /* Tic Tac Toe */ = {
			isa = PBXGroup;
			children = (
				26987C3627E8A9BE0004A76E /* board.png */,
				26987C3427E8A9BE0004A76E /* empty.png */,
				26B009F02A7216B3005CCFF4 /* Icon-72.png */,
				26B009F22A7216B3005CCFF4 /* Icon.png */,
				26B009F12A7216B3005CCFF4 /* Icon@2x.png */,
				26987C3327E8A9BD0004A76E /* O.png */,
				26987C3527E8A9BE0004A76E /* X.png */,
				2680599427E2B5220089FE3A /* AppDelegate.swift */,
				2680599627E2B5220089FE3A /* SceneDelegate.swift */,
				2680599827E2B5220089FE3A /* ViewController.swift */,
				2680599A27E2B5220089FE3A /* Main.storyboard */,
				2680599D27E2B5260089FE3A /* Assets.xcassets */,
				2680599F27E2B5260089FE3A /* LaunchScreen.storyboard */,
				268059A227E2B5260089FE3A /* Info.plist */,
				268059BA27E2F8C50089FE3A /* TicTacToeGame.swift */,
			);
			path = "Tic Tac Toe";
			sourceTree = "<group>";
		};
/* End PBXGroup section */

/* Begin PBXNativeTarget section */
		2680599027E2B5220089FE3A /* Tic Tac Toe */ = {
			isa = PBXNativeTarget;
			buildConfigurationList = 268059A527E2B5260089FE3A /* Build configuration list for PBXNativeTarget "Tic Tac Toe" */;
			buildPhases = (
				2680598D27E2B5220089FE3A /* Sources */,
				2680598E27E2B5220089FE3A /* Frameworks */,
				2680598F27E2B5220089FE3A /* Resources */,
			);
			buildRules = (
			);
			dependencies = (
			);
			name = "Tic Tac Toe";
			productName = "Tic Tac Toe";
			productReference = 2680599127E2B5220089FE3A /* Tic Tac Toe.app */;
			productType = "com.apple.product-type.application";
		};
/* End PBXNativeTarget section */

/* Begin PBXProject section */
		2680598927E2B5220089FE3A /* Project object */ = {
			isa = PBXProject;
			attributes = {
				BuildIndependentTargetsInParallel = 1;
				LastSwiftUpdateCheck = 1320;
				LastUpgradeCheck = 1320;
				TargetAttributes = {
					2680599027E2B5220089FE3A = {
						CreatedOnToolsVersion = 13.2.1;
					};
				};
			};
			buildConfigurationList = 2680598C27E2B5220089FE3A /* Build configuration list for PBXProject "Tic Tac Toe" */;
			compatibilityVersion = "Xcode 13.0";
			developmentRegion = en;
			hasScannedForEncodings = 0;
			knownRegions = (
				en,
				Base,
			);
			mainGroup = 2680598827E2B5220089FE3A;
			productRefGroup = 2680599227E2B5220089FE3A /* Products */;
			projectDirPath = "";
			projectRoot = "";
			targets = (
				2680599027E2B5220089FE3A /* Tic Tac Toe */,
			);
		};
/* End PBXProject section */

/* Begin PBXResourcesBuildPhase section */
		2680598F27E2B5220089FE3A /* Resources */ = {
			isa = PBXResourcesBuildPhase;
			buildActionMask = 2147483647;
			files = (
				26987C3B27E8A9BE0004A76E /* board.png in Resources */,
				26987C3A27E8A9BE0004A76E /* X.png in Resources */,
				26B009F32A7216B3005CCFF4 /* Icon-72.png in Resources */,
				268059A127E2B5260089FE3A /* LaunchScreen.storyboard in Resources */,
				2680599E27E2B5260089FE3A /* Assets.xcassets in Resources */,
				26987C3927E8A9BE0004A76E /* empty.png in Resources */,
				2680599C27E2B5220089FE3A /* Main.storyboard in Resources */,
				26B009F52A7216B3005CCFF4 /* Icon.png in Resources */,
				26987C3827E8A9BE0004A76E /* O.png in Resources */,
				26B009F42A7216B3005CCFF4 /* Icon@2x.png in Resources */,
			);
			runOnlyForDeploymentPostprocessing = 0;
		};
/* End PBXResourcesBuildPhase section */

/* Begin PBXSourcesBuildPhase section */
		2680598D27E2B5220089FE3A /* Sources */ = {
			isa = PBXSourcesBuildPhase;
			buildActionMask = 2147483647;
			files = (
				268059BB27E2F8C50089FE3A /* TicTacToeGame.swift in Sources */,
				2680599927E2B5220089FE3A /* ViewController.swift in Sources */,
				2680599527E2B5220089FE3A /* AppDelegate.swift in Sources */,
				2680599727E2B5220089FE3A /* SceneDelegate.swift in Sources */,
			);
			runOnlyForDeploymentPostprocessing = 0;
		};
/* End PBXSourcesBuildPhase section */

/* Begin PBXVariantGroup section */
		2680599A27E2B5220089FE3A /* Main.storyboard */ = {
			isa = PBXVariantGroup;
			children = (
				2680599B27E2B5220089FE3A /* Base */,
			);
			name = Main.storyboard;
			sourceTree = "<group>";
		};
		2680599F27E2B5260089FE3A /* LaunchScreen.storyboard */ = {
			isa = PBXVariantGroup;
			children = (
				268059A027E2B5260089FE3A /* Base */,
			);
			name = LaunchScreen.storyboard;
			sourceTree = "<group>";
		};
/* End PBXVariantGroup section */

/* Begin XCBuildConfiguration section */
		268059A327E2B5260089FE3A /* Debug */ = {
			isa = XCBuildConfiguration;
			buildSettings = {
				ALWAYS_SEARCH_USER_PATHS = NO;
				CLANG_ANALYZER_NONNULL = YES;
				CLANG_ANALYZER_NUMBER_OBJECT_CONVERSION = YES_AGGRESSIVE;
				CLANG_CXX_LANGUAGE_STANDARD = "gnu++17";
				CLANG_CXX_LIBRARY = "libc++";
				CLANG_ENABLE_MODULES = YES;
				CLANG_ENABLE_OBJC_ARC = YES;
				CLANG_ENABLE_OBJC_WEAK = YES;
				CLANG_WARN_BLOCK_CAPTURE_AUTORELEASING = YES;
				CLANG_WARN_BOOL_CONVERSION = YES;
				CLANG_WARN_COMMA = YES;
				CLANG_WARN_CONSTANT_CONVERSION = YES;
				CLANG_WARN_DEPRECATED_OBJC_IMPLEMENTATIONS = YES;
				CLANG_WARN_DIRECT_OBJC_ISA_USAGE = YES_ERROR;
				CLANG_WARN_DOCUMENTATION_COMMENTS = YES;
				CLANG_WARN_EMPTY_BODY = YES;
				CLANG_WARN_ENUM_CONVERSION = YES;
				CLANG_WARN_INFINITE_RECURSION = YES;
				CLANG_WARN_INT_CONVERSION = YES;
				CLANG_WARN_NON_LITERAL_NULL_CONVERSION = YES;
				CLANG_WARN_OBJC_IMPLICIT_RETAIN_SELF = YES;
				CLANG_WARN_OBJC_LITERAL_CONVERSION = YES;
				CLANG_WARN_OBJC_ROOT_CLASS = YES_ERROR;
				CLANG_WARN_QUOTED_INCLUDE_IN_FRAMEWORK_HEADER = YES;
				CLANG_WARN_RANGE_LOOP_ANALYSIS = YES;
				CLANG_WARN_STRICT_PROTOTYPES = YES;
				CLANG_WARN_SUSPICIOUS_MOVE = YES;
				CLANG_WARN_UNGUARDED_AVAILABILITY = YES_AGGRESSIVE;
				CLANG_WARN_UNREACHABLE_CODE = YES;
				CLANG_WARN__DUPLICATE_METHOD_MATCH = YES;
				COPY_PHASE_STRIP = NO;
				DEBUG_INFORMATION_FORMAT = dwarf;
				ENABLE_STRICT_OBJC_MSGSEND = YES;
				ENABLE_TESTABILITY = YES;
				GCC_C_LANGUAGE_STANDARD = gnu11;
				GCC_DYNAMIC_NO_PIC = NO;
				GCC_NO_COMMON_BLOCKS = YES;
				GCC_OPTIMIZATION_LEVEL = 0;
				GCC_PREPROCESSOR_DEFINITIONS = (
					"DEBUG=1",
					"$(inherited)",
				);
				GCC_WARN_64_TO_32_BIT_CONVERSION = YES;
				GCC_WARN_ABOUT_RETURN_TYPE = YES_ERROR;
				GCC_WARN_UNDECLARED_SELECTOR = YES;
				GCC_WARN_UNINITIALIZED_AUTOS = YES_AGGRESSIVE;
				GCC_WARN_UNUSED_FUNCTION = YES;
				GCC_WARN_UNUSED_VARIABLE = YES;
				IPHONEOS_DEPLOYMENT_TARGET = 15.2;
				MTL_ENABLE_DEBUG_INFO = INCLUDE_SOURCE;
				MTL_FAST_MATH = YES;
				ONLY_ACTIVE_ARCH = YES;
				SDKROOT = iphoneos;
				SWIFT_ACTIVE_COMPILATION_CONDITIONS = DEBUG;
				SWIFT_OPTIMIZATION_LEVEL = "-Onone";
			};
			name = Debug;
		};
		268059A427E2B5260089FE3A /* Release */ = {
			isa = XCBuildConfiguration;
			buildSettings = {
				ALWAYS_SEARCH_USER_PATHS = NO;
				CLANG_ANALYZER_NONNULL = YES;
				CLANG_ANALYZER_NUMBER_OBJECT_CONVERSION = YES_AGGRESSIVE;
				CLANG_CXX_LANGUAGE_STANDARD = "gnu++17";
				CLANG_CXX_LIBRARY = "libc++";
				CLANG_ENABLE_MODULES = YES;
				CLANG_ENABLE_OBJC_ARC = YES;
				CLANG_ENABLE_OBJC_WEAK = YES;
				CLANG_WARN_BLOCK_CAPTURE_AUTORELEASING = YES;
				CLANG_WARN_BOOL_CONVERSION = YES;
				CLANG_WARN_COMMA = YES;
				CLANG_WARN_CONSTANT_CONVERSION = YES;
				CLANG_WARN_DEPRECATED_OBJC_IMPLEMENTATIONS = YES;
				CLANG_WARN_DIRECT_OBJC_ISA_USAGE = YES_ERROR;
				CLANG_WARN_DOCUMENTATION_COMMENTS = YES;
				CLANG_WARN_EMPTY_BODY = YES;
				CLANG_WARN_ENUM_CONVERSION = YES;
				CLANG_WARN_INFINITE_RECURSION = YES;
				CLANG_WARN_INT_CONVERSION = YES;
				CLANG_WARN_NON_LITERAL_NULL_CONVERSION = YES;
				CLANG_WARN_OBJC_IMPLICIT_RETAIN_SELF = YES;
				CLANG_WARN_OBJC_LITERAL_CONVERSION = YES;
				CLANG_WARN_OBJC_ROOT_CLASS = YES_ERROR;
				CLANG_WARN_QUOTED_INCLUDE_IN_FRAMEWORK_HEADER = YES;
				CLANG_WARN_RANGE_LOOP_ANALYSIS = YES;
				CLANG_WARN_STRICT_PROTOTYPES = YES;
				CLANG_WARN_SUSPICIOUS_MOVE = YES;
				CLANG_WARN_UNGUARDED_AVAILABILITY = YES_AGGRESSIVE;
				CLANG_WARN_UNREACHABLE_CODE = YES;
				CLANG_WARN__DUPLICATE_METHOD_MATCH = YES;
				COPY_PHASE_STRIP = NO;
				DEBUG_INFORMATION_FORMAT = "dwarf-with-dsym";
				ENABLE_NS_ASSERTIONS = NO;
				ENABLE_STRICT_OBJC_MSGSEND = YES;
				GCC_C_LANGUAGE_STANDARD = gnu11;
				GCC_NO_COMMON_BLOCKS = YES;
				GCC_WARN_64_TO_32_BIT_CONVERSION = YES;
				GCC_WARN_ABOUT_RETURN_TYPE = YES_ERROR;
				GCC_WARN_UNDECLARED_SELECTOR = YES;
				GCC_WARN_UNINITIALIZED_AUTOS = YES_AGGRESSIVE;
				GCC_WARN_UNUSED_FUNCTION = YES;
				GCC_WARN_UNUSED_VARIABLE = YES;
				IPHONEOS_DEPLOYMENT_TARGET = 15.2;
				MTL_ENABLE_DEBUG_INFO = NO;
				MTL_FAST_MATH = YES;
				SDKROOT = iphoneos;
				SWIFT_COMPILATION_MODE = wholemodule;
				SWIFT_OPTIMIZATION_LEVEL = "-O";
				VALIDATE_PRODUCT = YES;
			};
			name = Release;
		};
		268059A627E2B5260089FE3A /* Debug */ = {
			isa = XCBuildConfiguration;
			buildSettings = {
				ASSETCATALOG_COMPILER_APPICON_NAME = AppIcon;
				ASSETCATALOG_COMPILER_GLOBAL_ACCENT_COLOR_NAME = AccentColor;
				CODE_SIGN_STYLE = Automatic;
				CURRENT_PROJECT_VERSION = 1;
				DEVELOPMENT_TEAM = P868B4PPKB;
				GENERATE_INFOPLIST_FILE = YES;
				INFOPLIST_FILE = "Tic Tac Toe/Info.plist";
				INFOPLIST_KEY_UIApplicationSupportsIndirectInputEvents = YES;
				INFOPLIST_KEY_UILaunchStoryboardName = LaunchScreen;
				INFOPLIST_KEY_UIMainStoryboardFile = Main;
				INFOPLIST_KEY_UISupportedInterfaceOrientations = "UIInterfaceOrientationPortrait UIInterfaceOrientationPortraitUpsideDown";
				INFOPLIST_KEY_UISupportedInterfaceOrientations_iPad = "UIInterfaceOrientationPortrait UIInterfaceOrientationPortraitUpsideDown UIInterfaceOrientationLandscapeLeft UIInterfaceOrientationLandscapeRight";
				INFOPLIST_KEY_UISupportedInterfaceOrientations_iPhone = "UIInterfaceOrientationPortrait UIInterfaceOrientationLandscapeLeft UIInterfaceOrientationLandscapeRight";
				IPHONEOS_DEPLOYMENT_TARGET = 15.2;
				LD_RUNPATH_SEARCH_PATHS = (
					"$(inherited)",
					"@executable_path/Frameworks",
				);
				MARKETING_VERSION = 1.0;
				PRODUCT_BUNDLE_IDENTIFIER = "edu.rose-hulman.liuj9.Tic-Tac-Toe";
				PRODUCT_NAME = "$(TARGET_NAME)";
				SWIFT_EMIT_LOC_STRINGS = YES;
				SWIFT_VERSION = 5.0;
				TARGETED_DEVICE_FAMILY = "1,2";
			};
			name = Debug;
		};
		268059A727E2B5260089FE3A /* Release */ = {
			isa = XCBuildConfiguration;
			buildSettings = {
				ASSETCATALOG_COMPILER_APPICON_NAME = AppIcon;
				ASSETCATALOG_COMPILER_GLOBAL_ACCENT_COLOR_NAME = AccentColor;
				CODE_SIGN_STYLE = Automatic;
				CURRENT_PROJECT_VERSION = 1;
				DEVELOPMENT_TEAM = P868B4PPKB;
				GENERATE_INFOPLIST_FILE = YES;
				INFOPLIST_FILE = "Tic Tac Toe/Info.plist";
				INFOPLIST_KEY_UIApplicationSupportsIndirectInputEvents = YES;
				INFOPLIST_KEY_UILaunchStoryboardName = LaunchScreen;
				INFOPLIST_KEY_UIMainStoryboardFile = Main;
				INFOPLIST_KEY_UISupportedInterfaceOrientations = "UIInterfaceOrientationPortrait UIInterfaceOrientationPortraitUpsideDown";
				INFOPLIST_KEY_UISupportedInterfaceOrientations_iPad = "UIInterfaceOrientationPortrait UIInterfaceOrientationPortraitUpsideDown UIInterfaceOrientationLandscapeLeft UIInterfaceOrientationLandscapeRight";
				INFOPLIST_KEY_UISupportedInterfaceOrientations_iPhone = "UIInterfaceOrientationPortrait UIInterfaceOrientationLandscapeLeft UIInterfaceOrientationLandscapeRight";
				IPHONEOS_DEPLOYMENT_TARGET = 15.2;
				LD_RUNPATH_SEARCH_PATHS = (
					"$(inherited)",
					"@executable_path/Frameworks",
				);
				MARKETING_VERSION = 1.0;
				PRODUCT_BUNDLE_IDENTIFIER = "edu.rose-hulman.liuj9.Tic-Tac-Toe";
				PRODUCT_NAME = "$(TARGET_NAME)";
				SWIFT_EMIT_LOC_STRINGS = YES;
				SWIFT_VERSION = 5.0;
				TARGETED_DEVICE_FAMILY = "1,2";
			};
			name = Release;
		};
/* End XCBuildConfiguration section */

/* Begin XCConfigurationList section */
		2680598C27E2B5220089FE3A /* Build configuration list for PBXProject "Tic Tac Toe" */ = {
			isa = XCConfigurationList;
			buildConfigurations = (
				268059A327E2B5260089FE3A /* Debug */,
				268059A427E2B5260089FE3A /* Release */,
			);
			defaultConfigurationIsVisible = 0;
			defaultConfigurationName = Release;
		};
		268059A527E2B5260089FE3A /* Build configuration list for PBXNativeTarget "Tic Tac Toe" */ = {
			isa = XCConfigurationList;
			buildConfigurations = (
				268059A627E2B5260089FE3A /* Debug */,
				268059A727E2B5260089FE3A /* Release */,
			);
			defaultConfigurationIsVisible = 0;
			defaultConfigurationName = Release;
		};
/* End XCConfigurationList section */
	};
	rootObject = 2680598927E2B5220089FE3A /* Project object */;
}
