// !$*UTF8*$!
{
	archiveVersion = 1;
	classes = {
	};
	objectVersion = 55;
	objects = {

/* Begin PBXBuildFile section */
		2621158727F1DE9E00C42C04 /* AppDelegate.swift in Sources */ = {isa = PBXBuildFile; fileRef = 2621158627F1DE9E00C42C04 /* AppDelegate.swift */; };
		2621158927F1DE9E00C42C04 /* SceneDelegate.swift in Sources */ = {isa = PBXBuildFile; fileRef = 2621158827F1DE9E00C42C04 /* SceneDelegate.swift */; };
		2621158E27F1DE9E00C42C04 /* Main.storyboard in Resources */ = {isa = PBXBuildFile; fileRef = 2621158C27F1DE9E00C42C04 /* Main.storyboard */; };
		2621159027F1DEA100C42C04 /* Assets.xcassets in Resources */ = {isa = PBXBuildFile; fileRef = 2621158F27F1DEA100C42C04 /* Assets.xcassets */; };
		2621159327F1DEA100C42C04 /* LaunchScreen.storyboard in Resources */ = {isa = PBXBuildFile; fileRef = 2621159127F1DEA100C42C04 /* LaunchScreen.storyboard */; };
		2621159B27F1E05100C42C04 /* MovieQuotesTableViewController.swift in Sources */ = {isa = PBXBuildFile; fileRef = 2621159A27F1E05100C42C04 /* MovieQuotesTableViewController.swift */; };
		2621159D27F1E59E00C42C04 /* MovieQuote.swift in Sources */ = {isa = PBXBuildFile; fileRef = 2621159C27F1E59E00C42C04 /* MovieQuote.swift */; };
		2621159F27F3345000C42C04 /* MovieQuoteDetailViewController.swift in Sources */ = {isa = PBXBuildFile; fileRef = 2621159E27F3345000C42C04 /* MovieQuoteDetailViewController.swift */; };
/* End PBXBuildFile section */

/* Begin PBXFileReference section */
		2621158327F1DE9E00C42C04 /* Movie Quotes.app */ = {isa = PBXFileReference; explicitFileType = wrapper.application; includeInIndex = 0; path = "Movie Quotes.app"; sourceTree = BUILT_PRODUCTS_DIR; };
		2621158627F1DE9E00C42C04 /* AppDelegate.swift */ = {isa = PBXFileReference; lastKnownFileType = sourcecode.swift; path = AppDelegate.swift; sourceTree = "<group>"; };
		2621158827F1DE9E00C42C04 /* SceneDelegate.swift */ = {isa = PBXFileReference; lastKnownFileType = sourcecode.swift; path = SceneDelegate.swift; sourceTree = "<group>"; };
		2621158D27F1DE9E00C42C04 /* Base */ = {isa = PBXFileReference; lastKnownFileType = file.storyboard; name = Base; path = Base.lproj/Main.storyboard; sourceTree = "<group>"; };
		2621158F27F1DEA100C42C04 /* Assets.xcassets */ = {isa = PBXFileReference; lastKnownFileType = folder.assetcatalog; path = Assets.xcassets; sourceTree = "<group>"; };
		2621159227F1DEA100C42C04 /* Base */ = {isa = PBXFileReference; lastKnownFileType = file.storyboard; name = Base; path = Base.lproj/LaunchScreen.storyboard; sourceTree = "<group>"; };
		2621159427F1DEA100C42C04 /* Info.plist */ = {isa = PBXFileReference; lastKnownFileType = text.plist.xml; path = Info.plist; sourceTree = "<group>"; };
		2621159A27F1E05100C42C04 /* MovieQuotesTableViewController.swift */ = {isa = PBXFileReference; lastKnownFileType = sourcecode.swift; path = MovieQuotesTableViewController.swift; sourceTree = "<group>"; };
		2621159C27F1E59E00C42C04 /* MovieQuote.swift */ = {isa = PBXFileReference; lastKnownFileType = sourcecode.swift; path = MovieQuote.swift; sourceTree = "<group>"; };
		2621159E27F3345000C42C04 /* MovieQuoteDetailViewController.swift */ = {isa = PBXFileReference; lastKnownFileType = sourcecode.swift; path = MovieQuoteDetailViewController.swift; sourceTree = "<group>"; };
/* End PBXFileReference section */

/* Begin PBXFrameworksBuildPhase section */
		2621158027F1DE9E00C42C04 /* Frameworks */ = {
			isa = PBXFrameworksBuildPhase;
			buildActionMask = 2147483647;
			files = (
			);
			runOnlyForDeploymentPostprocessing = 0;
		};
/* End PBXFrameworksBuildPhase section */

/* Begin PBXGroup section */
		2621157A27F1DE9E00C42C04 = {
			isa = PBXGroup;
			children = (
				2621158527F1DE9E00C42C04 /* Movie Quotes */,
				2621158427F1DE9E00C42C04 /* Products */,
			);
			sourceTree = "<group>";
		};
		2621158427F1DE9E00C42C04 /* Products */ = {
			isa = PBXGroup;
			children = (
				2621158327F1DE9E00C42C04 /* Movie Quotes.app */,
			);
			name = Products;
			sourceTree = "<group>";
		};
		2621158527F1DE9E00C42C04 /* Movie Quotes */ = {
			isa = PBXGroup;
			children = (
				2621159E27F3345000C42C04 /* MovieQuoteDetailViewController.swift */,
				2621159C27F1E59E00C42C04 /* MovieQuote.swift */,
				2621159A27F1E05100C42C04 /* MovieQuotesTableViewController.swift */,
				2621158627F1DE9E00C42C04 /* AppDelegate.swift */,
				2621158827F1DE9E00C42C04 /* SceneDelegate.swift */,
				2621158C27F1DE9E00C42C04 /* Main.storyboard */,
				2621158F27F1DEA100C42C04 /* Assets.xcassets */,
				2621159127F1DEA100C42C04 /* LaunchScreen.storyboard */,
				2621159427F1DEA100C42C04 /* Info.plist */,
			);
			path = "Movie Quotes";
			sourceTree = "<group>";
		};
/* End PBXGroup section */

/* Begin PBXNativeTarget section */
		2621158227F1DE9E00C42C04 /* Movie Quotes */ = {
			isa = PBXNativeTarget;
			buildConfigurationList = 2621159727F1DEA100C42C04 /* Build configuration list for PBXNativeTarget "Movie Quotes" */;
			buildPhases = (
				2621157F27F1DE9E00C42C04 /* Sources */,
				2621158027F1DE9E00C42C04 /* Frameworks */,
				2621158127F1DE9E00C42C04 /* Resources */,
			);
			buildRules = (
			);
			dependencies = (
			);
			name = "Movie Quotes";
			productName = "Movie Quotes";
			productReference = 2621158327F1DE9E00C42C04 /* Movie Quotes.app */;
			productType = "com.apple.product-type.application";
		};
/* End PBXNativeTarget section */

/* Begin PBXProject section */
		2621157B27F1DE9E00C42C04 /* Project object */ = {
			isa = PBXProject;
			attributes = {
				BuildIndependentTargetsInParallel = 1;
				LastSwiftUpdateCheck = 1320;
				LastUpgradeCheck = 1320;
				TargetAttributes = {
					2621158227F1DE9E00C42C04 = {
						CreatedOnToolsVersion = 13.2.1;
					};
				};
			};
			buildConfigurationList = 2621157E27F1DE9E00C42C04 /* Build configuration list for PBXProject "Movie Quotes" */;
			compatibilityVersion = "Xcode 13.0";
			developmentRegion = en;
			hasScannedForEncodings = 0;
			knownRegions = (
				en,
				Base,
			);
			mainGroup = 2621157A27F1DE9E00C42C04;
			productRefGroup = 2621158427F1DE9E00C42C04 /* Products */;
			projectDirPath = "";
			projectRoot = "";
			targets = (
				2621158227F1DE9E00C42C04 /* Movie Quotes */,
			);
		};
/* End PBXProject section */

/* Begin PBXResourcesBuildPhase section */
		2621158127F1DE9E00C42C04 /* Resources */ = {
			isa = PBXResourcesBuildPhase;
			buildActionMask = 2147483647;
			files = (
				2621159327F1DEA100C42C04 /* LaunchScreen.storyboard in Resources */,
				2621159027F1DEA100C42C04 /* Assets.xcassets in Resources */,
				2621158E27F1DE9E00C42C04 /* Main.storyboard in Resources */,
			);
			runOnlyForDeploymentPostprocessing = 0;
		};
/* End PBXResourcesBuildPhase section */

/* Begin PBXSourcesBuildPhase section */
		2621157F27F1DE9E00C42C04 /* Sources */ = {
			isa = PBXSourcesBuildPhase;
			buildActionMask = 2147483647;
			files = (
				2621158727F1DE9E00C42C04 /* AppDelegate.swift in Sources */,
				2621159F27F3345000C42C04 /* MovieQuoteDetailViewController.swift in Sources */,
				2621159D27F1E59E00C42C04 /* MovieQuote.swift in Sources */,
				2621159B27F1E05100C42C04 /* MovieQuotesTableViewController.swift in Sources */,
				2621158927F1DE9E00C42C04 /* SceneDelegate.swift in Sources */,
			);
			runOnlyForDeploymentPostprocessing = 0;
		};
/* End PBXSourcesBuildPhase section */

/* Begin PBXVariantGroup section */
		2621158C27F1DE9E00C42C04 /* Main.storyboard */ = {
			isa = PBXVariantGroup;
			children = (
				2621158D27F1DE9E00C42C04 /* Base */,
			);
			name = Main.storyboard;
			sourceTree = "<group>";
		};
		2621159127F1DEA100C42C04 /* LaunchScreen.storyboard */ = {
			isa = PBXVariantGroup;
			children = (
				2621159227F1DEA100C42C04 /* Base */,
			);
			name = LaunchScreen.storyboard;
			sourceTree = "<group>";
		};
/* End PBXVariantGroup section */

/* Begin XCBuildConfiguration section */
		2621159527F1DEA100C42C04 /* Debug */ = {
			isa = XCBuildConfiguration;
			buildSettings = {
				ALWAYS_SEARCH_USER_PATHS = NO;
				CLANG_ANALYZER_NONNULL = YES;
				CLANG_ANALYZER_NUMBER_OBJECT_CONVERSION = YES_AGGRESSIVE;
				CLANG_CXX_LANGUAGE_STANDARD = "gnu++17";
				CLANG_CXX_LIBRARY = "libc++";
				CLANG_ENABLE_MODULES = YES;
				CLANG_ENABLE_OBJC_ARC = YES;
				CLANG_ENABLE_OBJC_WEAK = YES;
				CLANG_WARN_BLOCK_CAPTURE_AUTORELEASING = YES;
				CLANG_WARN_BOOL_CONVERSION = YES;
				CLANG_WARN_COMMA = YES;
				CLANG_WARN_CONSTANT_CONVERSION = YES;
				CLANG_WARN_DEPRECATED_OBJC_IMPLEMENTATIONS = YES;
				CLANG_WARN_DIRECT_OBJC_ISA_USAGE = YES_ERROR;
				CLANG_WARN_DOCUMENTATION_COMMENTS = YES;
				CLANG_WARN_EMPTY_BODY = YES;
				CLANG_WARN_ENUM_CONVERSION = YES;
				CLANG_WARN_INFINITE_RECURSION = YES;
				CLANG_WARN_INT_CONVERSION = YES;
				CLANG_WARN_NON_LITERAL_NULL_CONVERSION = YES;
				CLANG_WARN_OBJC_IMPLICIT_RETAIN_SELF = YES;
				CLANG_WARN_OBJC_LITERAL_CONVERSION = YES;
				CLANG_WARN_OBJC_ROOT_CLASS = YES_ERROR;
				CLANG_WARN_QUOTED_INCLUDE_IN_FRAMEWORK_HEADER = YES;
				CLANG_WARN_RANGE_LOOP_ANALYSIS = YES;
				CLANG_WARN_STRICT_PROTOTYPES = YES;
				CLANG_WARN_SUSPICIOUS_MOVE = YES;
				CLANG_WARN_UNGUARDED_AVAILABILITY = YES_AGGRESSIVE;
				CLANG_WARN_UNREACHABLE_CODE = YES;
				CLANG_WARN__DUPLICATE_METHOD_MATCH = YES;
				COPY_PHASE_STRIP = NO;
				DEBUG_INFORMATION_FORMAT = dwarf;
				ENABLE_STRICT_OBJC_MSGSEND = YES;
				ENABLE_TESTABILITY = YES;
				GCC_C_LANGUAGE_STANDARD = gnu11;
				GCC_DYNAMIC_NO_PIC = NO;
				GCC_NO_COMMON_BLOCKS = YES;
				GCC_OPTIMIZATION_LEVEL = 0;
				GCC_PREPROCESSOR_DEFINITIONS = (
					"DEBUG=1",
					"$(inherited)",
				);
				GCC_WARN_64_TO_32_BIT_CONVERSION = YES;
				GCC_WARN_ABOUT_RETURN_TYPE = YES_ERROR;
				GCC_WARN_UNDECLARED_SELECTOR = YES;
				GCC_WARN_UNINITIALIZED_AUTOS = YES_AGGRESSIVE;
				GCC_WARN_UNUSED_FUNCTION = YES;
				GCC_WARN_UNUSED_VARIABLE = YES;
				IPHONEOS_DEPLOYMENT_TARGET = 15.2;
				MTL_ENABLE_DEBUG_INFO = INCLUDE_SOURCE;
				MTL_FAST_MATH = YES;
				ONLY_ACTIVE_ARCH = YES;
				SDKROOT = iphoneos;
				SWIFT_ACTIVE_COMPILATION_CONDITIONS = DEBUG;
				SWIFT_OPTIMIZATION_LEVEL = "-Onone";
			};
			name = Debug;
		};
		2621159627F1DEA100C42C04 /* Release */ = {
			isa = XCBuildConfiguration;
			buildSettings = {
				ALWAYS_SEARCH_USER_PATHS = NO;
				CLANG_ANALYZER_NONNULL = YES;
				CLANG_ANALYZER_NUMBER_OBJECT_CONVERSION = YES_AGGRESSIVE;
				CLANG_CXX_LANGUAGE_STANDARD = "gnu++17";
				CLANG_CXX_LIBRARY = "libc++";
				CLANG_ENABLE_MODULES = YES;
				CLANG_ENABLE_OBJC_ARC = YES;
				CLANG_ENABLE_OBJC_WEAK = YES;
				CLANG_WARN_BLOCK_CAPTURE_AUTORELEASING = YES;
				CLANG_WARN_BOOL_CONVERSION = YES;
				CLANG_WARN_COMMA = YES;
				CLANG_WARN_CONSTANT_CONVERSION = YES;
				CLANG_WARN_DEPRECATED_OBJC_IMPLEMENTATIONS = YES;
				CLANG_WARN_DIRECT_OBJC_ISA_USAGE = YES_ERROR;
				CLANG_WARN_DOCUMENTATION_COMMENTS = YES;
				CLANG_WARN_EMPTY_BODY = YES;
				CLANG_WARN_ENUM_CONVERSION = YES;
				CLANG_WARN_INFINITE_RECURSION = YES;
				CLANG_WARN_INT_CONVERSION = YES;
				CLANG_WARN_NON_LITERAL_NULL_CONVERSION = YES;
				CLANG_WARN_OBJC_IMPLICIT_RETAIN_SELF = YES;
				CLANG_WARN_OBJC_LITERAL_CONVERSION = YES;
				CLANG_WARN_OBJC_ROOT_CLASS = YES_ERROR;
				CLANG_WARN_QUOTED_INCLUDE_IN_FRAMEWORK_HEADER = YES;
				CLANG_WARN_RANGE_LOOP_ANALYSIS = YES;
				CLANG_WARN_STRICT_PROTOTYPES = YES;
				CLANG_WARN_SUSPICIOUS_MOVE = YES;
				CLANG_WARN_UNGUARDED_AVAILABILITY = YES_AGGRESSIVE;
				CLANG_WARN_UNREACHABLE_CODE = YES;
				CLANG_WARN__DUPLICATE_METHOD_MATCH = YES;
				COPY_PHASE_STRIP = NO;
				DEBUG_INFORMATION_FORMAT = "dwarf-with-dsym";
				ENABLE_NS_ASSERTIONS = NO;
				ENABLE_STRICT_OBJC_MSGSEND = YES;
				GCC_C_LANGUAGE_STANDARD = gnu11;
				GCC_NO_COMMON_BLOCKS = YES;
				GCC_WARN_64_TO_32_BIT_CONVERSION = YES;
				GCC_WARN_ABOUT_RETURN_TYPE = YES_ERROR;
				GCC_WARN_UNDECLARED_SELECTOR = YES;
				GCC_WARN_UNINITIALIZED_AUTOS = YES_AGGRESSIVE;
				GCC_WARN_UNUSED_FUNCTION = YES;
				GCC_WARN_UNUSED_VARIABLE = YES;
				IPHONEOS_DEPLOYMENT_TARGET = 15.2;
				MTL_ENABLE_DEBUG_INFO = NO;
				MTL_FAST_MATH = YES;
				SDKROOT = iphoneos;
				SWIFT_COMPILATION_MODE = wholemodule;
				SWIFT_OPTIMIZATION_LEVEL = "-O";
				VALIDATE_PRODUCT = YES;
			};
			name = Release;
		};
		2621159827F1DEA100C42C04 /* Debug */ = {
			isa = XCBuildConfiguration;
			buildSettings = {
				ASSETCATALOG_COMPILER_APPICON_NAME = AppIcon;
				ASSETCATALOG_COMPILER_GLOBAL_ACCENT_COLOR_NAME = AccentColor;
				CODE_SIGN_STYLE = Automatic;
				CURRENT_PROJECT_VERSION = 1;
				DEVELOPMENT_TEAM = P868B4PPKB;
				GENERATE_INFOPLIST_FILE = YES;
				INFOPLIST_FILE = "Movie Quotes/Info.plist";
				INFOPLIST_KEY_UIApplicationSupportsIndirectInputEvents = YES;
				INFOPLIST_KEY_UILaunchStoryboardName = LaunchScreen;
				INFOPLIST_KEY_UIMainStoryboardFile = Main;
				INFOPLIST_KEY_UISupportedInterfaceOrientations_iPad = "UIInterfaceOrientationPortrait UIInterfaceOrientationPortraitUpsideDown UIInterfaceOrientationLandscapeLeft UIInterfaceOrientationLandscapeRight";
				INFOPLIST_KEY_UISupportedInterfaceOrientations_iPhone = "UIInterfaceOrientationPortrait UIInterfaceOrientationLandscapeLeft UIInterfaceOrientationLandscapeRight";
				LD_RUNPATH_SEARCH_PATHS = (
					"$(inherited)",
					"@executable_path/Frameworks",
				);
				MARKETING_VERSION = 1.0;
				PRODUCT_BUNDLE_IDENTIFIER = "edu.rose-hulman.liuj9.Movie-Quotes";
				PRODUCT_NAME = "$(TARGET_NAME)";
				SWIFT_EMIT_LOC_STRINGS = YES;
				SWIFT_VERSION = 5.0;
				TARGETED_DEVICE_FAMILY = "1,2";
			};
			name = Debug;
		};
		2621159927F1DEA100C42C04 /* Release */ = {
			isa = XCBuildConfiguration;
			buildSettings = {
				ASSETCATALOG_COMPILER_APPICON_NAME = AppIcon;
				ASSETCATALOG_COMPILER_GLOBAL_ACCENT_COLOR_NAME = AccentColor;
				CODE_SIGN_STYLE = Automatic;
				CURRENT_PROJECT_VERSION = 1;
				DEVELOPMENT_TEAM = P868B4PPKB;
				GENERATE_INFOPLIST_FILE = YES;
				INFOPLIST_FILE = "Movie Quotes/Info.plist";
				INFOPLIST_KEY_UIApplicationSupportsIndirectInputEvents = YES;
				INFOPLIST_KEY_UILaunchStoryboardName = LaunchScreen;
				INFOPLIST_KEY_UIMainStoryboardFile = Main;
				INFOPLIST_KEY_UISupportedInterfaceOrientations_iPad = "UIInterfaceOrientationPortrait UIInterfaceOrientationPortraitUpsideDown UIInterfaceOrientationLandscapeLeft UIInterfaceOrientationLandscapeRight";
				INFOPLIST_KEY_UISupportedInterfaceOrientations_iPhone = "UIInterfaceOrientationPortrait UIInterfaceOrientationLandscapeLeft UIInterfaceOrientationLandscapeRight";
				LD_RUNPATH_SEARCH_PATHS = (
					"$(inherited)",
					"@executable_path/Frameworks",
				);
				MARKETING_VERSION = 1.0;
				PRODUCT_BUNDLE_IDENTIFIER = "edu.rose-hulman.liuj9.Movie-Quotes";
				PRODUCT_NAME = "$(TARGET_NAME)";
				SWIFT_EMIT_LOC_STRINGS = YES;
				SWIFT_VERSION = 5.0;
				TARGETED_DEVICE_FAMILY = "1,2";
			};
			name = Release;
		};
/* End XCBuildConfiguration section */

/* Begin XCConfigurationList section */
		2621157E27F1DE9E00C42C04 /* Build configuration list for PBXProject "Movie Quotes" */ = {
			isa = XCConfigurationList;
			buildConfigurations = (
				2621159527F1DEA100C42C04 /* Debug */,
				2621159627F1DEA100C42C04 /* Release */,
			);
			defaultConfigurationIsVisible = 0;
			defaultConfigurationName = Release;
		};
		2621159727F1DEA100C42C04 /* Build configuration list for PBXNativeTarget "Movie Quotes" */ = {
			isa = XCConfigurationList;
			buildConfigurations = (
				2621159827F1DEA100C42C04 /* Debug */,
				2621159927F1DEA100C42C04 /* Release */,
			);
			defaultConfigurationIsVisible = 0;
			defaultConfigurationName = Release;
		};
/* End XCConfigurationList section */
	};
	rootObject = 2621157B27F1DE9E00C42C04 /* Project object */;
}
