// !$*UTF8*$!
{
	archiveVersion = 1;
	classes = {
	};
	objectVersion = 50;
	objects = {

/* Begin PBXBuildFile section */
		26B4199227D78D9F00D6D117 /* AppDelegate.swift in Sources */ = {isa = PBXBuildFile; fileRef = 26B4199127D78D9F00D6D117 /* AppDelegate.swift */; };
		26B4199427D78D9F00D6D117 /* SceneDelegate.swift in Sources */ = {isa = PBXBuildFile; fileRef = 26B4199327D78D9F00D6D117 /* SceneDelegate.swift */; };
		26B4199627D78D9F00D6D117 /* ViewController.swift in Sources */ = {isa = PBXBuildFile; fileRef = 26B4199527D78D9F00D6D117 /* ViewController.swift */; };
		26B4199927D78D9F00D6D117 /* Main.storyboard in Resources */ = {isa = PBXBuildFile; fileRef = 26B4199727D78D9F00D6D117 /* Main.storyboard */; };
		26B4199B27D78DA200D6D117 /* Assets.xcassets in Resources */ = {isa = PBXBuildFile; fileRef = 26B4199A27D78DA200D6D117 /* Assets.xcassets */; };
		26B4199E27D78DA200D6D117 /* LaunchScreen.storyboard in Resources */ = {isa = PBXBuildFile; fileRef = 26B4199C27D78DA200D6D117 /* LaunchScreen.storyboard */; };
/* End PBXBuildFile section */

/* Begin PBXFileReference section */
		26B4198E27D78D9F00D6D117 /* Flexible Layout Pratice.app */ = {isa = PBXFileReference; explicitFileType = wrapper.application; includeInIndex = 0; path = "Flexible Layout Pratice.app"; sourceTree = BUILT_PRODUCTS_DIR; };
		26B4199127D78D9F00D6D117 /* AppDelegate.swift */ = {isa = PBXFileReference; lastKnownFileType = sourcecode.swift; path = AppDelegate.swift; sourceTree = "<group>"; };
		26B4199327D78D9F00D6D117 /* SceneDelegate.swift */ = {isa = PBXFileReference; lastKnownFileType = sourcecode.swift; path = SceneDelegate.swift; sourceTree = "<group>"; };
		26B4199527D78D9F00D6D117 /* ViewController.swift */ = {isa = PBXFileReference; lastKnownFileType = sourcecode.swift; path = ViewController.swift; sourceTree = "<group>"; };
		26B4199827D78D9F00D6D117 /* Base */ = {isa = PBXFileReference; lastKnownFileType = file.storyboard; name = Base; path = Base.lproj/Main.storyboard; sourceTree = "<group>"; };
		26B4199A27D78DA200D6D117 /* Assets.xcassets */ = {isa = PBXFileReference; lastKnownFileType = folder.assetcatalog; path = Assets.xcassets; sourceTree = "<group>"; };
		26B4199D27D78DA200D6D117 /* Base */ = {isa = PBXFileReference; lastKnownFileType = file.storyboard; name = Base; path = Base.lproj/LaunchScreen.storyboard; sourceTree = "<group>"; };
		26B4199F27D78DA200D6D117 /* Info.plist */ = {isa = PBXFileReference; lastKnownFileType = text.plist.xml; path = Info.plist; sourceTree = "<group>"; };
/* End PBXFileReference section */

/* Begin PBXFrameworksBuildPhase section */
		26B4198B27D78D9F00D6D117 /* Frameworks */ = {
			isa = PBXFrameworksBuildPhase;
			buildActionMask = 2147483647;
			files = (
			);
			runOnlyForDeploymentPostprocessing = 0;
		};
/* End PBXFrameworksBuildPhase section */

/* Begin PBXGroup section */
		26B4198527D78D9F00D6D117 = {
			isa = PBXGroup;
			children = (
				26B4199027D78D9F00D6D117 /* Flexible Layout Pratice */,
				26B4198F27D78D9F00D6D117 /* Products */,
			);
			sourceTree = "<group>";
		};
		26B4198F27D78D9F00D6D117 /* Products */ = {
			isa = PBXGroup;
			children = (
				26B4198E27D78D9F00D6D117 /* Flexible Layout Pratice.app */,
			);
			name = Products;
			sourceTree = "<group>";
		};
		26B4199027D78D9F00D6D117 /* Flexible Layout Pratice */ = {
			isa = PBXGroup;
			children = (
				26B4199127D78D9F00D6D117 /* AppDelegate.swift */,
				26B4199327D78D9F00D6D117 /* SceneDelegate.swift */,
				26B4199527D78D9F00D6D117 /* ViewController.swift */,
				26B4199727D78D9F00D6D117 /* Main.storyboard */,
				26B4199A27D78DA200D6D117 /* Assets.xcassets */,
				26B4199C27D78DA200D6D117 /* LaunchScreen.storyboard */,
				26B4199F27D78DA200D6D117 /* Info.plist */,
			);
			path = "Flexible Layout Pratice";
			sourceTree = "<group>";
		};
/* End PBXGroup section */

/* Begin PBXNativeTarget section */
		26B4198D27D78D9F00D6D117 /* Flexible Layout Pratice */ = {
			isa = PBXNativeTarget;
			buildConfigurationList = 26B419A227D78DA200D6D117 /* Build configuration list for PBXNativeTarget "Flexible Layout Pratice" */;
			buildPhases = (
				26B4198A27D78D9F00D6D117 /* Sources */,
				26B4198B27D78D9F00D6D117 /* Frameworks */,
				26B4198C27D78D9F00D6D117 /* Resources */,
			);
			buildRules = (
			);
			dependencies = (
			);
			name = "Flexible Layout Pratice";
			productName = "Flexible Layout Pratice";
			productReference = 26B4198E27D78D9F00D6D117 /* Flexible Layout Pratice.app */;
			productType = "com.apple.product-type.application";
		};
/* End PBXNativeTarget section */

/* Begin PBXProject section */
		26B4198627D78D9F00D6D117 /* Project object */ = {
			isa = PBXProject;
			attributes = {
				LastSwiftUpdateCheck = 1210;
				LastUpgradeCheck = 1210;
				TargetAttributes = {
					26B4198D27D78D9F00D6D117 = {
						CreatedOnToolsVersion = 12.1;
					};
				};
			};
			buildConfigurationList = 26B4198927D78D9F00D6D117 /* Build configuration list for PBXProject "Flexible Layout Pratice" */;
			compatibilityVersion = "Xcode 9.3";
			developmentRegion = en;
			hasScannedForEncodings = 0;
			knownRegions = (
				en,
				Base,
			);
			mainGroup = 26B4198527D78D9F00D6D117;
			productRefGroup = 26B4198F27D78D9F00D6D117 /* Products */;
			projectDirPath = "";
			projectRoot = "";
			targets = (
				26B4198D27D78D9F00D6D117 /* Flexible Layout Pratice */,
			);
		};
/* End PBXProject section */

/* Begin PBXResourcesBuildPhase section */
		26B4198C27D78D9F00D6D117 /* Resources */ = {
			isa = PBXResourcesBuildPhase;
			buildActionMask = 2147483647;
			files = (
				26B4199E27D78DA200D6D117 /* LaunchScreen.storyboard in Resources */,
				26B4199B27D78DA200D6D117 /* Assets.xcassets in Resources */,
				26B4199927D78D9F00D6D117 /* Main.storyboard in Resources */,
			);
			runOnlyForDeploymentPostprocessing = 0;
		};
/* End PBXResourcesBuildPhase section */

/* Begin PBXSourcesBuildPhase section */
		26B4198A27D78D9F00D6D117 /* Sources */ = {
			isa = PBXSourcesBuildPhase;
			buildActionMask = 2147483647;
			files = (
				26B4199627D78D9F00D6D117 /* ViewController.swift in Sources */,
				26B4199227D78D9F00D6D117 /* AppDelegate.swift in Sources */,
				26B4199427D78D9F00D6D117 /* SceneDelegate.swift in Sources */,
			);
			runOnlyForDeploymentPostprocessing = 0;
		};
/* End PBXSourcesBuildPhase section */

/* Begin PBXVariantGroup section */
		26B4199727D78D9F00D6D117 /* Main.storyboard */ = {
			isa = PBXVariantGroup;
			children = (
				26B4199827D78D9F00D6D117 /* Base */,
			);
			name = Main.storyboard;
			sourceTree = "<group>";
		};
		26B4199C27D78DA200D6D117 /* LaunchScreen.storyboard */ = {
			isa = PBXVariantGroup;
			children = (
				26B4199D27D78DA200D6D117 /* Base */,
			);
			name = LaunchScreen.storyboard;
			sourceTree = "<group>";
		};
/* End PBXVariantGroup section */

/* Begin XCBuildConfiguration section */
		26B419A027D78DA200D6D117 /* Debug */ = {
			isa = XCBuildConfiguration;
			buildSettings = {
				ALWAYS_SEARCH_USER_PATHS = NO;
				CLANG_ANALYZER_NONNULL = YES;
				CLANG_ANALYZER_NUMBER_OBJECT_CONVERSION = YES_AGGRESSIVE;
				CLANG_CXX_LANGUAGE_STANDARD = "gnu++14";
				CLANG_CXX_LIBRARY = "libc++";
				CLANG_ENABLE_MODULES = YES;
				CLANG_ENABLE_OBJC_ARC = YES;
				CLANG_ENABLE_OBJC_WEAK = YES;
				CLANG_WARN_BLOCK_CAPTURE_AUTORELEASING = YES;
				CLANG_WARN_BOOL_CONVERSION = YES;
				CLANG_WARN_COMMA = YES;
				CLANG_WARN_CONSTANT_CONVERSION = YES;
				CLANG_WARN_DEPRECATED_OBJC_IMPLEMENTATIONS = YES;
				CLANG_WARN_DIRECT_OBJC_ISA_USAGE = YES_ERROR;
				CLANG_WARN_DOCUMENTATION_COMMENTS = YES;
				CLANG_WARN_EMPTY_BODY = YES;
				CLANG_WARN_ENUM_CONVERSION = YES;
				CLANG_WARN_INFINITE_RECURSION = YES;
				CLANG_WARN_INT_CONVERSION = YES;
				CLANG_WARN_NON_LITERAL_NULL_CONVERSION = YES;
				CLANG_WARN_OBJC_IMPLICIT_RETAIN_SELF = YES;
				CLANG_WARN_OBJC_LITERAL_CONVERSION = YES;
				CLANG_WARN_OBJC_ROOT_CLASS = YES_ERROR;
				CLANG_WARN_QUOTED_INCLUDE_IN_FRAMEWORK_HEADER = YES;
				CLANG_WARN_RANGE_LOOP_ANALYSIS = YES;
				CLANG_WARN_STRICT_PROTOTYPES = YES;
				CLANG_WARN_SUSPICIOUS_MOVE = YES;
				CLANG_WARN_UNGUARDED_AVAILABILITY = YES_AGGRESSIVE;
				CLANG_WARN_UNREACHABLE_CODE = YES;
				CLANG_WARN__DUPLICATE_METHOD_MATCH = YES;
				COPY_PHASE_STRIP = NO;
				DEBUG_INFORMATION_FORMAT = dwarf;
				ENABLE_STRICT_OBJC_MSGSEND = YES;
				ENABLE_TESTABILITY = YES;
				GCC_C_LANGUAGE_STANDARD = gnu11;
				GCC_DYNAMIC_NO_PIC = NO;
				GCC_NO_COMMON_BLOCKS = YES;
				GCC_OPTIMIZATION_LEVEL = 0;
				GCC_PREPROCESSOR_DEFINITIONS = (
					"DEBUG=1",
					"$(inherited)",
				);
				GCC_WARN_64_TO_32_BIT_CONVERSION = YES;
				GCC_WARN_ABOUT_RETURN_TYPE = YES_ERROR;
				GCC_WARN_UNDECLARED_SELECTOR = YES;
				GCC_WARN_UNINITIALIZED_AUTOS = YES_AGGRESSIVE;
				GCC_WARN_UNUSED_FUNCTION = YES;
				GCC_WARN_UNUSED_VARIABLE = YES;
				IPHONEOS_DEPLOYMENT_TARGET = 14.1;
				MTL_ENABLE_DEBUG_INFO = INCLUDE_SOURCE;
				MTL_FAST_MATH = YES;
				ONLY_ACTIVE_ARCH = YES;
				SDKROOT = iphoneos;
				SWIFT_ACTIVE_COMPILATION_CONDITIONS = DEBUG;
				SWIFT_OPTIMIZATION_LEVEL = "-Onone";
			};
			name = Debug;
		};
		26B419A127D78DA200D6D117 /* Release */ = {
			isa = XCBuildConfiguration;
			buildSettings = {
				ALWAYS_SEARCH_USER_PATHS = NO;
				CLANG_ANALYZER_NONNULL = YES;
				CLANG_ANALYZER_NUMBER_OBJECT_CONVERSION = YES_AGGRESSIVE;
				CLANG_CXX_LANGUAGE_STANDARD = "gnu++14";
				CLANG_CXX_LIBRARY = "libc++";
				CLANG_ENABLE_MODULES = YES;
				CLANG_ENABLE_OBJC_ARC = YES;
				CLANG_ENABLE_OBJC_WEAK = YES;
				CLANG_WARN_BLOCK_CAPTURE_AUTORELEASING = YES;
				CLANG_WARN_BOOL_CONVERSION = YES;
				CLANG_WARN_COMMA = YES;
				CLANG_WARN_CONSTANT_CONVERSION = YES;
				CLANG_WARN_DEPRECATED_OBJC_IMPLEMENTATIONS = YES;
				CLANG_WARN_DIRECT_OBJC_ISA_USAGE = YES_ERROR;
				CLANG_WARN_DOCUMENTATION_COMMENTS = YES;
				CLANG_WARN_EMPTY_BODY = YES;
				CLANG_WARN_ENUM_CONVERSION = YES;
				CLANG_WARN_INFINITE_RECURSION = YES;
				CLANG_WARN_INT_CONVERSION = YES;
				CLANG_WARN_NON_LITERAL_NULL_CONVERSION = YES;
				CLANG_WARN_OBJC_IMPLICIT_RETAIN_SELF = YES;
				CLANG_WARN_OBJC_LITERAL_CONVERSION = YES;
				CLANG_WARN_OBJC_ROOT_CLASS = YES_ERROR;
				CLANG_WARN_QUOTED_INCLUDE_IN_FRAMEWORK_HEADER = YES;
				CLANG_WARN_RANGE_LOOP_ANALYSIS = YES;
				CLANG_WARN_STRICT_PROTOTYPES = YES;
				CLANG_WARN_SUSPICIOUS_MOVE = YES;
				CLANG_WARN_UNGUARDED_AVAILABILITY = YES_AGGRESSIVE;
				CLANG_WARN_UNREACHABLE_CODE = YES;
				CLANG_WARN__DUPLICATE_METHOD_MATCH = YES;
				COPY_PHASE_STRIP = NO;
				DEBUG_INFORMATION_FORMAT = "dwarf-with-dsym";
				ENABLE_NS_ASSERTIONS = NO;
				ENABLE_STRICT_OBJC_MSGSEND = YES;
				GCC_C_LANGUAGE_STANDARD = gnu11;
				GCC_NO_COMMON_BLOCKS = YES;
				GCC_WARN_64_TO_32_BIT_CONVERSION = YES;
				GCC_WARN_ABOUT_RETURN_TYPE = YES_ERROR;
				GCC_WARN_UNDECLARED_SELECTOR = YES;
				GCC_WARN_UNINITIALIZED_AUTOS = YES_AGGRESSIVE;
				GCC_WARN_UNUSED_FUNCTION = YES;
				GCC_WARN_UNUSED_VARIABLE = YES;
				IPHONEOS_DEPLOYMENT_TARGET = 14.1;
				MTL_ENABLE_DEBUG_INFO = NO;
				MTL_FAST_MATH = YES;
				SDKROOT = iphoneos;
				SWIFT_COMPILATION_MODE = wholemodule;
				SWIFT_OPTIMIZATION_LEVEL = "-O";
				VALIDATE_PRODUCT = YES;
			};
			name = Release;
		};
		26B419A327D78DA200D6D117 /* Debug */ = {
			isa = XCBuildConfiguration;
			buildSettings = {
				ASSETCATALOG_COMPILER_APPICON_NAME = AppIcon;
				ASSETCATALOG_COMPILER_GLOBAL_ACCENT_COLOR_NAME = AccentColor;
				CODE_SIGN_STYLE = Automatic;
				DEVELOPMENT_TEAM = P868B4PPKB;
				INFOPLIST_FILE = "Flexible Layout Pratice/Info.plist";
				LD_RUNPATH_SEARCH_PATHS = (
					"$(inherited)",
					"@executable_path/Frameworks",
				);
				PRODUCT_BUNDLE_IDENTIFIER = "edu.rose-hulman.liuj9.Flexible-Layout-Pratice";
				PRODUCT_NAME = "$(TARGET_NAME)";
				SWIFT_VERSION = 5.0;
				TARGETED_DEVICE_FAMILY = "1,2";
			};
			name = Debug;
		};
		26B419A427D78DA200D6D117 /* Release */ = {
			isa = XCBuildConfiguration;
			buildSettings = {
				ASSETCATALOG_COMPILER_APPICON_NAME = AppIcon;
				ASSETCATALOG_COMPILER_GLOBAL_ACCENT_COLOR_NAME = AccentColor;
				CODE_SIGN_STYLE = Automatic;
				DEVELOPMENT_TEAM = P868B4PPKB;
				INFOPLIST_FILE = "Flexible Layout Pratice/Info.plist";
				LD_RUNPATH_SEARCH_PATHS = (
					"$(inherited)",
					"@executable_path/Frameworks",
				);
				PRODUCT_BUNDLE_IDENTIFIER = "edu.rose-hulman.liuj9.Flexible-Layout-Pratice";
				PRODUCT_NAME = "$(TARGET_NAME)";
				SWIFT_VERSION = 5.0;
				TARGETED_DEVICE_FAMILY = "1,2";
			};
			name = Release;
		};
/* End XCBuildConfiguration section */

/* Begin XCConfigurationList section */
		26B4198927D78D9F00D6D117 /* Build configuration list for PBXProject "Flexible Layout Pratice" */ = {
			isa = XCConfigurationList;
			buildConfigurations = (
				26B419A027D78DA200D6D117 /* Debug */,
				26B419A127D78DA200D6D117 /* Release */,
			);
			defaultConfigurationIsVisible = 0;
			defaultConfigurationName = Release;
		};
		26B419A227D78DA200D6D117 /* Build configuration list for PBXNativeTarget "Flexible Layout Pratice" */ = {
			isa = XCConfigurationList;
			buildConfigurations = (
				26B419A327D78DA200D6D117 /* Debug */,
				26B419A427D78DA200D6D117 /* Release */,
			);
			defaultConfigurationIsVisible = 0;
			defaultConfigurationName = Release;
		};
/* End XCConfigurationList section */
	};
	rootObject = 26B4198627D78D9F00D6D117 /* Project object */;
}
