// !$*UTF8*$!
{
	archiveVersion = 1;
	classes = {
	};
	objectVersion = 55;
	objects = {

/* Begin PBXBuildFile section */
		266C000C281D9CB40023702A /* AppDelegate.swift in Sources */ = {isa = PBXBuildFile; fileRef = 266C000B281D9CB40023702A /* AppDelegate.swift */; };
		266C000E281D9CB40023702A /* SceneDelegate.swift in Sources */ = {isa = PBXBuildFile; fileRef = 266C000D281D9CB40023702A /* SceneDelegate.swift */; };
		266C0013281D9CB40023702A /* Main.storyboard in Resources */ = {isa = PBXBuildFile; fileRef = 266C0011281D9CB40023702A /* Main.storyboard */; };
		266C0015281D9CB60023702A /* Assets.xcassets in Resources */ = {isa = PBXBuildFile; fileRef = 266C0014281D9CB60023702A /* Assets.xcassets */; };
		266C0018281D9CB60023702A /* LaunchScreen.storyboard in Resources */ = {isa = PBXBuildFile; fileRef = 266C0016281D9CB60023702A /* LaunchScreen.storyboard */; };
		266C0023281DB73E0023702A /* oie_mfmuHBY9396n.png in Resources */ = {isa = PBXBuildFile; fileRef = 266C0021281DB73D0023702A /* oie_mfmuHBY9396n.png */; };
		266C0024281DB73E0023702A /* RH_G_HiRes-RGB-1c.png in Resources */ = {isa = PBXBuildFile; fileRef = 266C0022281DB73D0023702A /* RH_G_HiRes-RGB-1c.png */; };
		266C0026281DB8AB0023702A /* LogInViewController.swift in Sources */ = {isa = PBXBuildFile; fileRef = 266C0025281DB8AB0023702A /* LogInViewController.swift */; };
		266C002A281DBC0B0023702A /* GoogleService-Info.plist in Resources */ = {isa = PBXBuildFile; fileRef = 266C0029281DBC0B0023702A /* GoogleService-Info.plist */; };
		266C003B281DBD6B0023702A /* Rosefire.swift in Sources */ = {isa = PBXBuildFile; fileRef = 266C003A281DBD6B0023702A /* Rosefire.swift */; };
		266C003D281DBD850023702A /* Constants.swift in Sources */ = {isa = PBXBuildFile; fileRef = 266C003C281DBD850023702A /* Constants.swift */; };
		266C003F281DBE390023702A /* AuthManager.swift in Sources */ = {isa = PBXBuildFile; fileRef = 266C003E281DBE390023702A /* AuthManager.swift */; };
		266C0041281DC7C60023702A /* CourseListViewController.swift in Sources */ = {isa = PBXBuildFile; fileRef = 266C0040281DC7C60023702A /* CourseListViewController.swift */; };
		266C0043281DC9180023702A /* TableViewController.swift in Sources */ = {isa = PBXBuildFile; fileRef = 266C0042281DC9180023702A /* TableViewController.swift */; };
		266C0045281DD8F70023702A /* Course.swift in Sources */ = {isa = PBXBuildFile; fileRef = 266C0044281DD8F70023702A /* Course.swift */; };
		266C0049281E3BFA0023702A /* Utils.swift in Sources */ = {isa = PBXBuildFile; fileRef = 266C0048281E3BFA0023702A /* Utils.swift */; };
		266C004B281E40D10023702A /* CoursesCollectionManager.swift in Sources */ = {isa = PBXBuildFile; fileRef = 266C004A281E40D10023702A /* CoursesCollectionManager.swift */; };
		26803A102820323400F36EFB /* CourseDocumentManager.swift in Sources */ = {isa = PBXBuildFile; fileRef = 26803A0F2820323400F36EFB /* CourseDocumentManager.swift */; };
		26803A122820334400F36EFB /* CourseDetailViewController.swift in Sources */ = {isa = PBXBuildFile; fileRef = 26803A112820334400F36EFB /* CourseDetailViewController.swift */; };
		26986AEC2821AE7200D8FF3E /* Kingfisher in Frameworks */ = {isa = PBXBuildFile; productRef = 26986AEB2821AE7200D8FF3E /* Kingfisher */; };
		26986AF22821B0A200D8FF3E /* SideMenu in Frameworks */ = {isa = PBXBuildFile; productRef = 26986AF12821B0A200D8FF3E /* SideMenu */; };
		26986AF42821D10E00D8FF3E /* SideMenuViewController.swift in Sources */ = {isa = PBXBuildFile; fileRef = 26986AF32821D10E00D8FF3E /* SideMenuViewController.swift */; };
		26986AF82821D3D700D8FF3E /* avatar-placeholder.png in Resources */ = {isa = PBXBuildFile; fileRef = 26986AF72821D3D700D8FF3E /* avatar-placeholder.png */; };
		26986AFA2821D62100D8FF3E /* StorageManager.swift in Sources */ = {isa = PBXBuildFile; fileRef = 26986AF92821D62100D8FF3E /* StorageManager.swift */; };
		26B90B8F2820457A00000CF1 /* FirebaseAnalytics in Frameworks */ = {isa = PBXBuildFile; productRef = 26B90B8E2820457A00000CF1 /* FirebaseAnalytics */; };
		26B90B912820457A00000CF1 /* FirebaseAuth in Frameworks */ = {isa = PBXBuildFile; productRef = 26B90B902820457A00000CF1 /* FirebaseAuth */; };
		26B90B932820457A00000CF1 /* FirebaseDatabase in Frameworks */ = {isa = PBXBuildFile; productRef = 26B90B922820457A00000CF1 /* FirebaseDatabase */; };
		26B90B952820457A00000CF1 /* FirebaseFirestore in Frameworks */ = {isa = PBXBuildFile; productRef = 26B90B942820457A00000CF1 /* FirebaseFirestore */; };
		26B90B972820457A00000CF1 /* FirebaseFunctions in Frameworks */ = {isa = PBXBuildFile; productRef = 26B90B962820457A00000CF1 /* FirebaseFunctions */; };
		26B90B992820457A00000CF1 /* FirebaseMLModelDownloader in Frameworks */ = {isa = PBXBuildFile; productRef = 26B90B982820457A00000CF1 /* FirebaseMLModelDownloader */; };
		26B90B9B2820457A00000CF1 /* FirebaseStorage in Frameworks */ = {isa = PBXBuildFile; productRef = 26B90B9A2820457A00000CF1 /* FirebaseStorage */; };
		26B90B9D2820950000000CF1 /* UsefulEnums.swift in Sources */ = {isa = PBXBuildFile; fileRef = 26B90B9C2820950000000CF1 /* UsefulEnums.swift */; };
		26B90B9F282161BA00000CF1 /* UserDocumentManager.swift in Sources */ = {isa = PBXBuildFile; fileRef = 26B90B9E282161BA00000CF1 /* UserDocumentManager.swift */; };
/* End PBXBuildFile section */

/* Begin PBXFileReference section */
		266C0008281D9CB40023702A /* Rose Grade Tracker.app */ = {isa = PBXFileReference; explicitFileType = wrapper.application; includeInIndex = 0; path = "Rose Grade Tracker.app"; sourceTree = BUILT_PRODUCTS_DIR; };
		266C000B281D9CB40023702A /* AppDelegate.swift */ = {isa = PBXFileReference; lastKnownFileType = sourcecode.swift; path = AppDelegate.swift; sourceTree = "<group>"; };
		266C000D281D9CB40023702A /* SceneDelegate.swift */ = {isa = PBXFileReference; lastKnownFileType = sourcecode.swift; path = SceneDelegate.swift; sourceTree = "<group>"; };
		266C0012281D9CB40023702A /* Base */ = {isa = PBXFileReference; lastKnownFileType = file.storyboard; name = Base; path = Base.lproj/Main.storyboard; sourceTree = "<group>"; };
		266C0014281D9CB60023702A /* Assets.xcassets */ = {isa = PBXFileReference; lastKnownFileType = folder.assetcatalog; path = Assets.xcassets; sourceTree = "<group>"; };
		266C0017281D9CB60023702A /* Base */ = {isa = PBXFileReference; lastKnownFileType = file.storyboard; name = Base; path = Base.lproj/LaunchScreen.storyboard; sourceTree = "<group>"; };
		266C0019281D9CB60023702A /* Info.plist */ = {isa = PBXFileReference; lastKnownFileType = text.plist.xml; path = Info.plist; sourceTree = "<group>"; };
		266C0021281DB73D0023702A /* oie_mfmuHBY9396n.png */ = {isa = PBXFileReference; lastKnownFileType = image.png; name = oie_mfmuHBY9396n.png; path = ../../oie_mfmuHBY9396n.png; sourceTree = "<group>"; };
		266C0022281DB73D0023702A /* RH_G_HiRes-RGB-1c.png */ = {isa = PBXFileReference; lastKnownFileType = image.png; name = "RH_G_HiRes-RGB-1c.png"; path = "../../RH_G_HiRes-RGB-1c.png"; sourceTree = "<group>"; };
		266C0025281DB8AB0023702A /* LogInViewController.swift */ = {isa = PBXFileReference; lastKnownFileType = sourcecode.swift; path = LogInViewController.swift; sourceTree = "<group>"; };
		266C0029281DBC0B0023702A /* GoogleService-Info.plist */ = {isa = PBXFileReference; fileEncoding = 4; lastKnownFileType = text.plist.xml; path = "GoogleService-Info.plist"; sourceTree = "<group>"; };
		266C003A281DBD6B0023702A /* Rosefire.swift */ = {isa = PBXFileReference; lastKnownFileType = sourcecode.swift; path = Rosefire.swift; sourceTree = "<group>"; };
		266C003C281DBD850023702A /* Constants.swift */ = {isa = PBXFileReference; lastKnownFileType = sourcecode.swift; path = Constants.swift; sourceTree = "<group>"; };
		266C003E281DBE390023702A /* AuthManager.swift */ = {isa = PBXFileReference; lastKnownFileType = sourcecode.swift; path = AuthManager.swift; sourceTree = "<group>"; };
		266C0040281DC7C60023702A /* CourseListViewController.swift */ = {isa = PBXFileReference; lastKnownFileType = sourcecode.swift; path = CourseListViewController.swift; sourceTree = "<group>"; };
		266C0042281DC9180023702A /* TableViewController.swift */ = {isa = PBXFileReference; lastKnownFileType = sourcecode.swift; path = TableViewController.swift; sourceTree = "<group>"; };
		266C0044281DD8F70023702A /* Course.swift */ = {isa = PBXFileReference; lastKnownFileType = sourcecode.swift; path = Course.swift; sourceTree = "<group>"; };
		266C0048281E3BFA0023702A /* Utils.swift */ = {isa = PBXFileReference; lastKnownFileType = sourcecode.swift; path = Utils.swift; sourceTree = "<group>"; };
		266C004A281E40D10023702A /* CoursesCollectionManager.swift */ = {isa = PBXFileReference; lastKnownFileType = sourcecode.swift; path = CoursesCollectionManager.swift; sourceTree = "<group>"; };
		26803A0F2820323400F36EFB /* CourseDocumentManager.swift */ = {isa = PBXFileReference; lastKnownFileType = sourcecode.swift; path = CourseDocumentManager.swift; sourceTree = "<group>"; };
		26803A112820334400F36EFB /* CourseDetailViewController.swift */ = {isa = PBXFileReference; lastKnownFileType = sourcecode.swift; path = CourseDetailViewController.swift; sourceTree = "<group>"; };
		26986AF32821D10E00D8FF3E /* SideMenuViewController.swift */ = {isa = PBXFileReference; lastKnownFileType = sourcecode.swift; path = SideMenuViewController.swift; sourceTree = "<group>"; };
		26986AF72821D3D700D8FF3E /* avatar-placeholder.png */ = {isa = PBXFileReference; lastKnownFileType = image.png; path = "avatar-placeholder.png"; sourceTree = "<group>"; };
		26986AF92821D62100D8FF3E /* StorageManager.swift */ = {isa = PBXFileReference; lastKnownFileType = sourcecode.swift; path = StorageManager.swift; sourceTree = "<group>"; };
		26B90B9C2820950000000CF1 /* UsefulEnums.swift */ = {isa = PBXFileReference; lastKnownFileType = sourcecode.swift; path = UsefulEnums.swift; sourceTree = "<group>"; };
		26B90B9E282161BA00000CF1 /* UserDocumentManager.swift */ = {isa = PBXFileReference; lastKnownFileType = sourcecode.swift; path = UserDocumentManager.swift; sourceTree = "<group>"; };
/* End PBXFileReference section */

/* Begin PBXFrameworksBuildPhase section */
		266C0005281D9CB40023702A /* Frameworks */ = {
			isa = PBXFrameworksBuildPhase;
			buildActionMask = 2147483647;
			files = (
				26B90B8F2820457A00000CF1 /* FirebaseAnalytics in Frameworks */,
				26B90B912820457A00000CF1 /* FirebaseAuth in Frameworks */,
				26B90B932820457A00000CF1 /* FirebaseDatabase in Frameworks */,
				26B90B972820457A00000CF1 /* FirebaseFunctions in Frameworks */,
				26986AEC2821AE7200D8FF3E /* Kingfisher in Frameworks */,
				26B90B952820457A00000CF1 /* FirebaseFirestore in Frameworks */,
				26B90B9B2820457A00000CF1 /* FirebaseStorage in Frameworks */,
				26986AF22821B0A200D8FF3E /* SideMenu in Frameworks */,
				26B90B992820457A00000CF1 /* FirebaseMLModelDownloader in Frameworks */,
			);
			runOnlyForDeploymentPostprocessing = 0;
		};
/* End PBXFrameworksBuildPhase section */

/* Begin PBXGroup section */
		266C0009281D9CB40023702A /* Products */ = {
			isa = PBXGroup;
			children = (
				266C0008281D9CB40023702A /* Rose Grade Tracker.app */,
			);
			name = Products;
			sourceTree = "<group>";
		};
		266C000A281D9CB40023702A /* Rose Grade Tracker */ = {
			isa = PBXGroup;
			children = (
				26986AF72821D3D700D8FF3E /* avatar-placeholder.png */,
				266C0021281DB73D0023702A /* oie_mfmuHBY9396n.png */,
				266C0022281DB73D0023702A /* RH_G_HiRes-RGB-1c.png */,
				266C000B281D9CB40023702A /* AppDelegate.swift */,
				266C000D281D9CB40023702A /* SceneDelegate.swift */,
				266C0025281DB8AB0023702A /* LogInViewController.swift */,
				266C0040281DC7C60023702A /* CourseListViewController.swift */,
				26803A112820334400F36EFB /* CourseDetailViewController.swift */,
				26986AF32821D10E00D8FF3E /* SideMenuViewController.swift */,
				266C0011281D9CB40023702A /* Main.storyboard */,
				266C0014281D9CB60023702A /* Assets.xcassets */,
				266C0016281D9CB60023702A /* LaunchScreen.storyboard */,
				266C0019281D9CB60023702A /* Info.plist */,
				266C0029281DBC0B0023702A /* GoogleService-Info.plist */,
				266C0044281DD8F70023702A /* Course.swift */,
				266C003C281DBD850023702A /* Constants.swift */,
				266C004A281E40D10023702A /* CoursesCollectionManager.swift */,
				26803A0F2820323400F36EFB /* CourseDocumentManager.swift */,
				266C003E281DBE390023702A /* AuthManager.swift */,
				266C003A281DBD6B0023702A /* Rosefire.swift */,
				266C0042281DC9180023702A /* TableViewController.swift */,
				266C0048281E3BFA0023702A /* Utils.swift */,
				26B90B9C2820950000000CF1 /* UsefulEnums.swift */,
				26B90B9E282161BA00000CF1 /* UserDocumentManager.swift */,
				26986AF92821D62100D8FF3E /* StorageManager.swift */,
			);
			path = "Rose Grade Tracker";
			sourceTree = "<group>";
		};
		266CFFFF281D9CB40023702A = {
			isa = PBXGroup;
			children = (
				266C000A281D9CB40023702A /* Rose Grade Tracker */,
				266C0009281D9CB40023702A /* Products */,
			);
			sourceTree = "<group>";
		};
/* End PBXGroup section */

/* Begin PBXNativeTarget section */
		266C0007281D9CB40023702A /* Rose Grade Tracker */ = {
			isa = PBXNativeTarget;
			buildConfigurationList = 266C001C281D9CB60023702A /* Build configuration list for PBXNativeTarget "Rose Grade Tracker" */;
			buildPhases = (
				266C0004281D9CB40023702A /* Sources */,
				266C0005281D9CB40023702A /* Frameworks */,
				266C0006281D9CB40023702A /* Resources */,
			);
			buildRules = (
			);
			dependencies = (
			);
			name = "Rose Grade Tracker";
			packageProductDependencies = (
				26B90B8E2820457A00000CF1 /* FirebaseAnalytics */,
				26B90B902820457A00000CF1 /* FirebaseAuth */,
				26B90B922820457A00000CF1 /* FirebaseDatabase */,
				26B90B942820457A00000CF1 /* FirebaseFirestore */,
				26B90B962820457A00000CF1 /* FirebaseFunctions */,
				26B90B982820457A00000CF1 /* FirebaseMLModelDownloader */,
				26B90B9A2820457A00000CF1 /* FirebaseStorage */,
				26986AEB2821AE7200D8FF3E /* Kingfisher */,
				26986AF12821B0A200D8FF3E /* SideMenu */,
			);
			productName = "Rose Grade Tracker";
			productReference = 266C0008281D9CB40023702A /* Rose Grade Tracker.app */;
			productType = "com.apple.product-type.application";
		};
/* End PBXNativeTarget section */

/* Begin PBXProject section */
		266C0000281D9CB40023702A /* Project object */ = {
			isa = PBXProject;
			attributes = {
				BuildIndependentTargetsInParallel = 1;
				LastSwiftUpdateCheck = 1330;
				LastUpgradeCheck = 1330;
				TargetAttributes = {
					266C0007281D9CB40023702A = {
						CreatedOnToolsVersion = 13.3.1;
					};
				};
			};
			buildConfigurationList = 266C0003281D9CB40023702A /* Build configuration list for PBXProject "Rose Grade Tracker" */;
			compatibilityVersion = "Xcode 13.0";
			developmentRegion = en;
			hasScannedForEncodings = 0;
			knownRegions = (
				en,
				Base,
			);
			mainGroup = 266CFFFF281D9CB40023702A;
			packageReferences = (
				26B90B8D2820457A00000CF1 /* XCRemoteSwiftPackageReference "firebase-ios-sdk" */,
				26986AEA2821AE7200D8FF3E /* XCRemoteSwiftPackageReference "Kingfisher" */,
				26986AF02821B0A100D8FF3E /* XCRemoteSwiftPackageReference "SideMenu" */,
			);
			productRefGroup = 266C0009281D9CB40023702A /* Products */;
			projectDirPath = "";
			projectRoot = "";
			targets = (
				266C0007281D9CB40023702A /* Rose Grade Tracker */,
			);
		};
/* End PBXProject section */

/* Begin PBXResourcesBuildPhase section */
		266C0006281D9CB40023702A /* Resources */ = {
			isa = PBXResourcesBuildPhase;
			buildActionMask = 2147483647;
			files = (
				266C0024281DB73E0023702A /* RH_G_HiRes-RGB-1c.png in Resources */,
				26986AF82821D3D700D8FF3E /* avatar-placeholder.png in Resources */,
				266C0023281DB73E0023702A /* oie_mfmuHBY9396n.png in Resources */,
				266C0018281D9CB60023702A /* LaunchScreen.storyboard in Resources */,
				266C0015281D9CB60023702A /* Assets.xcassets in Resources */,
				266C0013281D9CB40023702A /* Main.storyboard in Resources */,
				266C002A281DBC0B0023702A /* GoogleService-Info.plist in Resources */,
			);
			runOnlyForDeploymentPostprocessing = 0;
		};
/* End PBXResourcesBuildPhase section */

/* Begin PBXSourcesBuildPhase section */
		266C0004281D9CB40023702A /* Sources */ = {
			isa = PBXSourcesBuildPhase;
			buildActionMask = 2147483647;
			files = (
				26986AFA2821D62100D8FF3E /* StorageManager.swift in Sources */,
				26986AF42821D10E00D8FF3E /* SideMenuViewController.swift in Sources */,
				26B90B9D2820950000000CF1 /* UsefulEnums.swift in Sources */,
				266C0045281DD8F70023702A /* Course.swift in Sources */,
				266C0026281DB8AB0023702A /* LogInViewController.swift in Sources */,
				266C003F281DBE390023702A /* AuthManager.swift in Sources */,
				26803A102820323400F36EFB /* CourseDocumentManager.swift in Sources */,
				266C004B281E40D10023702A /* CoursesCollectionManager.swift in Sources */,
				26803A122820334400F36EFB /* CourseDetailViewController.swift in Sources */,
				26B90B9F282161BA00000CF1 /* UserDocumentManager.swift in Sources */,
				266C000C281D9CB40023702A /* AppDelegate.swift in Sources */,
				266C0043281DC9180023702A /* TableViewController.swift in Sources */,
				266C000E281D9CB40023702A /* SceneDelegate.swift in Sources */,
				266C0049281E3BFA0023702A /* Utils.swift in Sources */,
				266C0041281DC7C60023702A /* CourseListViewController.swift in Sources */,
				266C003B281DBD6B0023702A /* Rosefire.swift in Sources */,
				266C003D281DBD850023702A /* Constants.swift in Sources */,
			);
			runOnlyForDeploymentPostprocessing = 0;
		};
/* End PBXSourcesBuildPhase section */

/* Begin PBXVariantGroup section */
		266C0011281D9CB40023702A /* Main.storyboard */ = {
			isa = PBXVariantGroup;
			children = (
				266C0012281D9CB40023702A /* Base */,
			);
			name = Main.storyboard;
			sourceTree = "<group>";
		};
		266C0016281D9CB60023702A /* LaunchScreen.storyboard */ = {
			isa = PBXVariantGroup;
			children = (
				266C0017281D9CB60023702A /* Base */,
			);
			name = LaunchScreen.storyboard;
			sourceTree = "<group>";
		};
/* End PBXVariantGroup section */

/* Begin XCBuildConfiguration section */
		266C001A281D9CB60023702A /* Debug */ = {
			isa = XCBuildConfiguration;
			buildSettings = {
				ALWAYS_SEARCH_USER_PATHS = NO;
				CLANG_ANALYZER_NONNULL = YES;
				CLANG_ANALYZER_NUMBER_OBJECT_CONVERSION = YES_AGGRESSIVE;
				CLANG_CXX_LANGUAGE_STANDARD = "gnu++17";
				CLANG_ENABLE_MODULES = YES;
				CLANG_ENABLE_OBJC_ARC = YES;
				CLANG_ENABLE_OBJC_WEAK = YES;
				CLANG_WARN_BLOCK_CAPTURE_AUTORELEASING = YES;
				CLANG_WARN_BOOL_CONVERSION = YES;
				CLANG_WARN_COMMA = YES;
				CLANG_WARN_CONSTANT_CONVERSION = YES;
				CLANG_WARN_DEPRECATED_OBJC_IMPLEMENTATIONS = YES;
				CLANG_WARN_DIRECT_OBJC_ISA_USAGE = YES_ERROR;
				CLANG_WARN_DOCUMENTATION_COMMENTS = YES;
				CLANG_WARN_EMPTY_BODY = YES;
				CLANG_WARN_ENUM_CONVERSION = YES;
				CLANG_WARN_INFINITE_RECURSION = YES;
				CLANG_WARN_INT_CONVERSION = YES;
				CLANG_WARN_NON_LITERAL_NULL_CONVERSION = YES;
				CLANG_WARN_OBJC_IMPLICIT_RETAIN_SELF = YES;
				CLANG_WARN_OBJC_LITERAL_CONVERSION = YES;
				CLANG_WARN_OBJC_ROOT_CLASS = YES_ERROR;
				CLANG_WARN_QUOTED_INCLUDE_IN_FRAMEWORK_HEADER = YES;
				CLANG_WARN_RANGE_LOOP_ANALYSIS = YES;
				CLANG_WARN_STRICT_PROTOTYPES = YES;
				CLANG_WARN_SUSPICIOUS_MOVE = YES;
				CLANG_WARN_UNGUARDED_AVAILABILITY = YES_AGGRESSIVE;
				CLANG_WARN_UNREACHABLE_CODE = YES;
				CLANG_WARN__DUPLICATE_METHOD_MATCH = YES;
				COPY_PHASE_STRIP = NO;
				DEBUG_INFORMATION_FORMAT = dwarf;
				ENABLE_STRICT_OBJC_MSGSEND = YES;
				ENABLE_TESTABILITY = YES;
				GCC_C_LANGUAGE_STANDARD = gnu11;
				GCC_DYNAMIC_NO_PIC = NO;
				GCC_NO_COMMON_BLOCKS = YES;
				GCC_OPTIMIZATION_LEVEL = 0;
				GCC_PREPROCESSOR_DEFINITIONS = (
					"DEBUG=1",
					"$(inherited)",
				);
				GCC_WARN_64_TO_32_BIT_CONVERSION = YES;
				GCC_WARN_ABOUT_RETURN_TYPE = YES_ERROR;
				GCC_WARN_UNDECLARED_SELECTOR = YES;
				GCC_WARN_UNINITIALIZED_AUTOS = YES_AGGRESSIVE;
				GCC_WARN_UNUSED_FUNCTION = YES;
				GCC_WARN_UNUSED_VARIABLE = YES;
				IPHONEOS_DEPLOYMENT_TARGET = 15.4;
				MTL_ENABLE_DEBUG_INFO = INCLUDE_SOURCE;
				MTL_FAST_MATH = YES;
				ONLY_ACTIVE_ARCH = YES;
				SDKROOT = iphoneos;
				SWIFT_ACTIVE_COMPILATION_CONDITIONS = DEBUG;
				SWIFT_OPTIMIZATION_LEVEL = "-Onone";
			};
			name = Debug;
		};
		266C001B281D9CB60023702A /* Release */ = {
			isa = XCBuildConfiguration;
			buildSettings = {
				ALWAYS_SEARCH_USER_PATHS = NO;
				CLANG_ANALYZER_NONNULL = YES;
				CLANG_ANALYZER_NUMBER_OBJECT_CONVERSION = YES_AGGRESSIVE;
				CLANG_CXX_LANGUAGE_STANDARD = "gnu++17";
				CLANG_ENABLE_MODULES = YES;
				CLANG_ENABLE_OBJC_ARC = YES;
				CLANG_ENABLE_OBJC_WEAK = YES;
				CLANG_WARN_BLOCK_CAPTURE_AUTORELEASING = YES;
				CLANG_WARN_BOOL_CONVERSION = YES;
				CLANG_WARN_COMMA = YES;
				CLANG_WARN_CONSTANT_CONVERSION = YES;
				CLANG_WARN_DEPRECATED_OBJC_IMPLEMENTATIONS = YES;
				CLANG_WARN_DIRECT_OBJC_ISA_USAGE = YES_ERROR;
				CLANG_WARN_DOCUMENTATION_COMMENTS = YES;
				CLANG_WARN_EMPTY_BODY = YES;
				CLANG_WARN_ENUM_CONVERSION = YES;
				CLANG_WARN_INFINITE_RECURSION = YES;
				CLANG_WARN_INT_CONVERSION = YES;
				CLANG_WARN_NON_LITERAL_NULL_CONVERSION = YES;
				CLANG_WARN_OBJC_IMPLICIT_RETAIN_SELF = YES;
				CLANG_WARN_OBJC_LITERAL_CONVERSION = YES;
				CLANG_WARN_OBJC_ROOT_CLASS = YES_ERROR;
				CLANG_WARN_QUOTED_INCLUDE_IN_FRAMEWORK_HEADER = YES;
				CLANG_WARN_RANGE_LOOP_ANALYSIS = YES;
				CLANG_WARN_STRICT_PROTOTYPES = YES;
				CLANG_WARN_SUSPICIOUS_MOVE = YES;
				CLANG_WARN_UNGUARDED_AVAILABILITY = YES_AGGRESSIVE;
				CLANG_WARN_UNREACHABLE_CODE = YES;
				CLANG_WARN__DUPLICATE_METHOD_MATCH = YES;
				COPY_PHASE_STRIP = NO;
				DEBUG_INFORMATION_FORMAT = "dwarf-with-dsym";
				ENABLE_NS_ASSERTIONS = NO;
				ENABLE_STRICT_OBJC_MSGSEND = YES;
				GCC_C_LANGUAGE_STANDARD = gnu11;
				GCC_NO_COMMON_BLOCKS = YES;
				GCC_WARN_64_TO_32_BIT_CONVERSION = YES;
				GCC_WARN_ABOUT_RETURN_TYPE = YES_ERROR;
				GCC_WARN_UNDECLARED_SELECTOR = YES;
				GCC_WARN_UNINITIALIZED_AUTOS = YES_AGGRESSIVE;
				GCC_WARN_UNUSED_FUNCTION = YES;
				GCC_WARN_UNUSED_VARIABLE = YES;
				IPHONEOS_DEPLOYMENT_TARGET = 15.4;
				MTL_ENABLE_DEBUG_INFO = NO;
				MTL_FAST_MATH = YES;
				SDKROOT = iphoneos;
				SWIFT_COMPILATION_MODE = wholemodule;
				SWIFT_OPTIMIZATION_LEVEL = "-O";
				VALIDATE_PRODUCT = YES;
			};
			name = Release;
		};
		266C001D281D9CB60023702A /* Debug */ = {
			isa = XCBuildConfiguration;
			buildSettings = {
				ASSETCATALOG_COMPILER_APPICON_NAME = AppIcon;
				ASSETCATALOG_COMPILER_GLOBAL_ACCENT_COLOR_NAME = AccentColor;
				CODE_SIGN_STYLE = Automatic;
				CURRENT_PROJECT_VERSION = 1;
				DEVELOPMENT_TEAM = P868B4PPKB;
				GENERATE_INFOPLIST_FILE = YES;
				INFOPLIST_FILE = "Rose Grade Tracker/Info.plist";
				INFOPLIST_KEY_UIApplicationSupportsIndirectInputEvents = YES;
				INFOPLIST_KEY_UILaunchStoryboardName = LaunchScreen;
				INFOPLIST_KEY_UIMainStoryboardFile = Main;
				INFOPLIST_KEY_UISupportedInterfaceOrientations = UIInterfaceOrientationPortrait;
				INFOPLIST_KEY_UISupportedInterfaceOrientations_iPad = "UIInterfaceOrientationPortrait UIInterfaceOrientationPortraitUpsideDown UIInterfaceOrientationLandscapeLeft UIInterfaceOrientationLandscapeRight";
				INFOPLIST_KEY_UISupportedInterfaceOrientations_iPhone = "UIInterfaceOrientationPortrait UIInterfaceOrientationLandscapeLeft UIInterfaceOrientationLandscapeRight";
				LD_RUNPATH_SEARCH_PATHS = (
					"$(inherited)",
					"@executable_path/Frameworks",
				);
				MARKETING_VERSION = 1.0;
				PRODUCT_BUNDLE_IDENTIFIER = "edu.rose-hulman.liuj9.Rose-Grade-Tracker";
				PRODUCT_NAME = "$(TARGET_NAME)";
				SWIFT_EMIT_LOC_STRINGS = YES;
				SWIFT_VERSION = 5.0;
				TARGETED_DEVICE_FAMILY = "1,2";
			};
			name = Debug;
		};
		266C001E281D9CB60023702A /* Release */ = {
			isa = XCBuildConfiguration;
			buildSettings = {
				ASSETCATALOG_COMPILER_APPICON_NAME = AppIcon;
				ASSETCATALOG_COMPILER_GLOBAL_ACCENT_COLOR_NAME = AccentColor;
				CODE_SIGN_STYLE = Automatic;
				CURRENT_PROJECT_VERSION = 1;
				DEVELOPMENT_TEAM = P868B4PPKB;
				GENERATE_INFOPLIST_FILE = YES;
				INFOPLIST_FILE = "Rose Grade Tracker/Info.plist";
				INFOPLIST_KEY_UIApplicationSupportsIndirectInputEvents = YES;
				INFOPLIST_KEY_UILaunchStoryboardName = LaunchScreen;
				INFOPLIST_KEY_UIMainStoryboardFile = Main;
				INFOPLIST_KEY_UISupportedInterfaceOrientations = UIInterfaceOrientationPortrait;
				INFOPLIST_KEY_UISupportedInterfaceOrientations_iPad = "UIInterfaceOrientationPortrait UIInterfaceOrientationPortraitUpsideDown UIInterfaceOrientationLandscapeLeft UIInterfaceOrientationLandscapeRight";
				INFOPLIST_KEY_UISupportedInterfaceOrientations_iPhone = "UIInterfaceOrientationPortrait UIInterfaceOrientationLandscapeLeft UIInterfaceOrientationLandscapeRight";
				LD_RUNPATH_SEARCH_PATHS = (
					"$(inherited)",
					"@executable_path/Frameworks",
				);
				MARKETING_VERSION = 1.0;
				PRODUCT_BUNDLE_IDENTIFIER = "edu.rose-hulman.liuj9.Rose-Grade-Tracker";
				PRODUCT_NAME = "$(TARGET_NAME)";
				SWIFT_EMIT_LOC_STRINGS = YES;
				SWIFT_VERSION = 5.0;
				TARGETED_DEVICE_FAMILY = "1,2";
			};
			name = Release;
		};
/* End XCBuildConfiguration section */

/* Begin XCConfigurationList section */
		266C0003281D9CB40023702A /* Build configuration list for PBXProject "Rose Grade Tracker" */ = {
			isa = XCConfigurationList;
			buildConfigurations = (
				266C001A281D9CB60023702A /* Debug */,
				266C001B281D9CB60023702A /* Release */,
			);
			defaultConfigurationIsVisible = 0;
			defaultConfigurationName = Release;
		};
		266C001C281D9CB60023702A /* Build configuration list for PBXNativeTarget "Rose Grade Tracker" */ = {
			isa = XCConfigurationList;
			buildConfigurations = (
				266C001D281D9CB60023702A /* Debug */,
				266C001E281D9CB60023702A /* Release */,
			);
			defaultConfigurationIsVisible = 0;
			defaultConfigurationName = Release;
		};
/* End XCConfigurationList section */

/* Begin XCRemoteSwiftPackageReference section */
		26986AEA2821AE7200D8FF3E /* XCRemoteSwiftPackageReference "Kingfisher" */ = {
			isa = XCRemoteSwiftPackageReference;
			repositoryURL = "https://github.com/onevcat/Kingfisher.git";
			requirement = {
				kind = upToNextMinorVersion;
				minimumVersion = 7.2.0;
			};
		};
		26986AF02821B0A100D8FF3E /* XCRemoteSwiftPackageReference "SideMenu" */ = {
			isa = XCRemoteSwiftPackageReference;
			repositoryURL = "https://github.com/jonkykong/SideMenu.git";
			requirement = {
				kind = upToNextMinorVersion;
				minimumVersion = 6.5.0;
			};
		};
		26B90B8D2820457A00000CF1 /* XCRemoteSwiftPackageReference "firebase-ios-sdk" */ = {
			isa = XCRemoteSwiftPackageReference;
			repositoryURL = "https://github.com/firebase/firebase-ios-sdk.git";
			requirement = {
				kind = upToNextMinorVersion;
				minimumVersion = 8.9.0;
			};
		};
/* End XCRemoteSwiftPackageReference section */

/* Begin XCSwiftPackageProductDependency section */
		26986AEB2821AE7200D8FF3E /* Kingfisher */ = {
			isa = XCSwiftPackageProductDependency;
			package = 26986AEA2821AE7200D8FF3E /* XCRemoteSwiftPackageReference "Kingfisher" */;
			productName = Kingfisher;
		};
		26986AF12821B0A200D8FF3E /* SideMenu */ = {
			isa = XCSwiftPackageProductDependency;
			package = 26986AF02821B0A100D8FF3E /* XCRemoteSwiftPackageReference "SideMenu" */;
			productName = SideMenu;
		};
		26B90B8E2820457A00000CF1 /* FirebaseAnalytics */ = {
			isa = XCSwiftPackageProductDependency;
			package = 26B90B8D2820457A00000CF1 /* XCRemoteSwiftPackageReference "firebase-ios-sdk" */;
			productName = FirebaseAnalytics;
		};
		26B90B902820457A00000CF1 /* FirebaseAuth */ = {
			isa = XCSwiftPackageProductDependency;
			package = 26B90B8D2820457A00000CF1 /* XCRemoteSwiftPackageReference "firebase-ios-sdk" */;
			productName = FirebaseAuth;
		};
		26B90B922820457A00000CF1 /* FirebaseDatabase */ = {
			isa = XCSwiftPackageProductDependency;
			package = 26B90B8D2820457A00000CF1 /* XCRemoteSwiftPackageReference "firebase-ios-sdk" */;
			productName = FirebaseDatabase;
		};
		26B90B942820457A00000CF1 /* FirebaseFirestore */ = {
			isa = XCSwiftPackageProductDependency;
			package = 26B90B8D2820457A00000CF1 /* XCRemoteSwiftPackageReference "firebase-ios-sdk" */;
			productName = FirebaseFirestore;
		};
		26B90B962820457A00000CF1 /* FirebaseFunctions */ = {
			isa = XCSwiftPackageProductDependency;
			package = 26B90B8D2820457A00000CF1 /* XCRemoteSwiftPackageReference "firebase-ios-sdk" */;
			productName = FirebaseFunctions;
		};
		26B90B982820457A00000CF1 /* FirebaseMLModelDownloader */ = {
			isa = XCSwiftPackageProductDependency;
			package = 26B90B8D2820457A00000CF1 /* XCRemoteSwiftPackageReference "firebase-ios-sdk" */;
			productName = FirebaseMLModelDownloader;
		};
		26B90B9A2820457A00000CF1 /* FirebaseStorage */ = {
			isa = XCSwiftPackageProductDependency;
			package = 26B90B8D2820457A00000CF1 /* XCRemoteSwiftPackageReference "firebase-ios-sdk" */;
			productName = FirebaseStorage;
		};
/* End XCSwiftPackageProductDependency section */
	};
	rootObject = 266C0000281D9CB40023702A /* Project object */;
}
