// !$*UTF8*$!
{
	archiveVersion = 1;
	classes = {
	};
	objectVersion = 55;
	objects = {

/* Begin PBXBuildFile section */
		268059C927E3CA1B0089FE3A /* AppDelegate.swift in Sources */ = {isa = PBXBuildFile; fileRef = 268059C827E3CA1B0089FE3A /* AppDelegate.swift */; };
		268059CB27E3CA1B0089FE3A /* SceneDelegate.swift in Sources */ = {isa = PBXBuildFile; fileRef = 268059CA27E3CA1B0089FE3A /* SceneDelegate.swift */; };
		268059CD27E3CA1B0089FE3A /* ViewController.swift in Sources */ = {isa = PBXBuildFile; fileRef = 268059CC27E3CA1B0089FE3A /* ViewController.swift */; };
		268059D027E3CA1B0089FE3A /* Main.storyboard in Resources */ = {isa = PBXBuildFile; fileRef = 268059CE27E3CA1B0089FE3A /* Main.storyboard */; };
		268059D227E3CA1F0089FE3A /* Assets.xcassets in Resources */ = {isa = PBXBuildFile; fileRef = 268059D127E3CA1F0089FE3A /* Assets.xcassets */; };
		268059D527E3CA1F0089FE3A /* LaunchScreen.storyboard in Resources */ = {isa = PBXBuildFile; fileRef = 268059D327E3CA1F0089FE3A /* LaunchScreen.storyboard */; };
		268059E627E3D3720089FE3A /* iconBig.png in Resources */ = {isa = PBXBuildFile; fileRef = 268059DC27E3D3710089FE3A /* iconBig.png */; };
		268059E727E3D3720089FE3A /* Icon-60.png in Resources */ = {isa = PBXBuildFile; fileRef = 268059DD27E3D3710089FE3A /* Icon-60.png */; };
		268059E827E3D3720089FE3A /* Icon-72@2x.png in Resources */ = {isa = PBXBuildFile; fileRef = 268059DE27E3D3720089FE3A /* Icon-72@2x.png */; };
		268059E927E3D3720089FE3A /* Icon-72.png in Resources */ = {isa = PBXBuildFile; fileRef = 268059DF27E3D3720089FE3A /* Icon-72.png */; };
		268059EA27E3D3720089FE3A /* Icon@2x.png in Resources */ = {isa = PBXBuildFile; fileRef = 268059E027E3D3720089FE3A /* Icon@2x.png */; };
		268059EB27E3D3720089FE3A /* Icon-Small-50.png in Resources */ = {isa = PBXBuildFile; fileRef = 268059E127E3D3720089FE3A /* Icon-Small-50.png */; };
		268059EC27E3D3720089FE3A /* Icon-Small-50@2x.png in Resources */ = {isa = PBXBuildFile; fileRef = 268059E227E3D3720089FE3A /* Icon-Small-50@2x.png */; };
		268059ED27E3D3720089FE3A /* Icon.png in Resources */ = {isa = PBXBuildFile; fileRef = 268059E327E3D3720089FE3A /* Icon.png */; };
		268059EE27E3D3720089FE3A /* light_off.png in Resources */ = {isa = PBXBuildFile; fileRef = 268059E427E3D3720089FE3A /* light_off.png */; };
		268059EF27E3D3720089FE3A /* light_on.png in Resources */ = {isa = PBXBuildFile; fileRef = 268059E527E3D3720089FE3A /* light_on.png */; };
		268059F127E3DFC50089FE3A /* LinearLightsOutGame.swift in Sources */ = {isa = PBXBuildFile; fileRef = 268059F027E3DFC50089FE3A /* LinearLightsOutGame.swift */; };
		268059F427E4E9C00089FE3A /* light_on_small.png in Resources */ = {isa = PBXBuildFile; fileRef = 268059F227E4E9C00089FE3A /* light_on_small.png */; };
		268059F527E4E9C00089FE3A /* light_off_small.png in Resources */ = {isa = PBXBuildFile; fileRef = 268059F327E4E9C00089FE3A /* light_off_small.png */; };
/* End PBXBuildFile section */

/* Begin PBXFileReference section */
		268059C527E3CA1B0089FE3A /* Linear Lights Out Universal.app */ = {isa = PBXFileReference; explicitFileType = wrapper.application; includeInIndex = 0; path = "Linear Lights Out Universal.app"; sourceTree = BUILT_PRODUCTS_DIR; };
		268059C827E3CA1B0089FE3A /* AppDelegate.swift */ = {isa = PBXFileReference; lastKnownFileType = sourcecode.swift; path = AppDelegate.swift; sourceTree = "<group>"; };
		268059CA27E3CA1B0089FE3A /* SceneDelegate.swift */ = {isa = PBXFileReference; lastKnownFileType = sourcecode.swift; path = SceneDelegate.swift; sourceTree = "<group>"; };
		268059CC27E3CA1B0089FE3A /* ViewController.swift */ = {isa = PBXFileReference; lastKnownFileType = sourcecode.swift; path = ViewController.swift; sourceTree = "<group>"; };
		268059CF27E3CA1B0089FE3A /* Base */ = {isa = PBXFileReference; lastKnownFileType = file.storyboard; name = Base; path = Base.lproj/Main.storyboard; sourceTree = "<group>"; };
		268059D127E3CA1F0089FE3A /* Assets.xcassets */ = {isa = PBXFileReference; lastKnownFileType = folder.assetcatalog; path = Assets.xcassets; sourceTree = "<group>"; };
		268059D427E3CA1F0089FE3A /* Base */ = {isa = PBXFileReference; lastKnownFileType = file.storyboard; name = Base; path = Base.lproj/LaunchScreen.storyboard; sourceTree = "<group>"; };
		268059D627E3CA1F0089FE3A /* Info.plist */ = {isa = PBXFileReference; lastKnownFileType = text.plist.xml; path = Info.plist; sourceTree = "<group>"; };
		268059DC27E3D3710089FE3A /* iconBig.png */ = {isa = PBXFileReference; lastKnownFileType = image.png; path = iconBig.png; sourceTree = "<group>"; };
		268059DD27E3D3710089FE3A /* Icon-60.png */ = {isa = PBXFileReference; lastKnownFileType = image.png; path = "Icon-60.png"; sourceTree = "<group>"; };
		268059DE27E3D3720089FE3A /* Icon-72@2x.png */ = {isa = PBXFileReference; lastKnownFileType = image.png; path = "Icon-72@2x.png"; sourceTree = "<group>"; };
		268059DF27E3D3720089FE3A /* Icon-72.png */ = {isa = PBXFileReference; lastKnownFileType = image.png; path = "Icon-72.png"; sourceTree = "<group>"; };
		268059E027E3D3720089FE3A /* Icon@2x.png */ = {isa = PBXFileReference; lastKnownFileType = image.png; path = "Icon@2x.png"; sourceTree = "<group>"; };
		268059E127E3D3720089FE3A /* Icon-Small-50.png */ = {isa = PBXFileReference; lastKnownFileType = image.png; path = "Icon-Small-50.png"; sourceTree = "<group>"; };
		268059E227E3D3720089FE3A /* Icon-Small-50@2x.png */ = {isa = PBXFileReference; lastKnownFileType = image.png; path = "Icon-Small-50@2x.png"; sourceTree = "<group>"; };
		268059E327E3D3720089FE3A /* Icon.png */ = {isa = PBXFileReference; lastKnownFileType = image.png; path = Icon.png; sourceTree = "<group>"; };
		268059E427E3D3720089FE3A /* light_off.png */ = {isa = PBXFileReference; lastKnownFileType = image.png; path = light_off.png; sourceTree = "<group>"; };
		268059E527E3D3720089FE3A /* light_on.png */ = {isa = PBXFileReference; lastKnownFileType = image.png; path = light_on.png; sourceTree = "<group>"; };
		268059F027E3DFC50089FE3A /* LinearLightsOutGame.swift */ = {isa = PBXFileReference; lastKnownFileType = sourcecode.swift; path = LinearLightsOutGame.swift; sourceTree = "<group>"; };
		268059F227E4E9C00089FE3A /* light_on_small.png */ = {isa = PBXFileReference; lastKnownFileType = image.png; path = light_on_small.png; sourceTree = "<group>"; };
		268059F327E4E9C00089FE3A /* light_off_small.png */ = {isa = PBXFileReference; lastKnownFileType = image.png; path = light_off_small.png; sourceTree = "<group>"; };
/* End PBXFileReference section */

/* Begin PBXFrameworksBuildPhase section */
		268059C227E3CA1B0089FE3A /* Frameworks */ = {
			isa = PBXFrameworksBuildPhase;
			buildActionMask = 2147483647;
			files = (
			);
			runOnlyForDeploymentPostprocessing = 0;
		};
/* End PBXFrameworksBuildPhase section */

/* Begin PBXGroup section */
		268059BC27E3CA1B0089FE3A = {
			isa = PBXGroup;
			children = (
				268059C727E3CA1B0089FE3A /* Linear Lights Out Universal */,
				268059C627E3CA1B0089FE3A /* Products */,
			);
			sourceTree = "<group>";
		};
		268059C627E3CA1B0089FE3A /* Products */ = {
			isa = PBXGroup;
			children = (
				268059C527E3CA1B0089FE3A /* Linear Lights Out Universal.app */,
			);
			name = Products;
			sourceTree = "<group>";
		};
		268059C727E3CA1B0089FE3A /* Linear Lights Out Universal */ = {
			isa = PBXGroup;
			children = (
				268059F327E4E9C00089FE3A /* light_off_small.png */,
				268059F227E4E9C00089FE3A /* light_on_small.png */,
				268059DD27E3D3710089FE3A /* Icon-60.png */,
				268059DF27E3D3720089FE3A /* Icon-72.png */,
				268059DE27E3D3720089FE3A /* Icon-72@2x.png */,
				268059E127E3D3720089FE3A /* Icon-Small-50.png */,
				268059E227E3D3720089FE3A /* Icon-Small-50@2x.png */,
				268059E327E3D3720089FE3A /* Icon.png */,
				268059E027E3D3720089FE3A /* Icon@2x.png */,
				268059DC27E3D3710089FE3A /* iconBig.png */,
				268059E427E3D3720089FE3A /* light_off.png */,
				268059E527E3D3720089FE3A /* light_on.png */,
				268059C827E3CA1B0089FE3A /* AppDelegate.swift */,
				268059CA27E3CA1B0089FE3A /* SceneDelegate.swift */,
				268059CC27E3CA1B0089FE3A /* ViewController.swift */,
				268059F027E3DFC50089FE3A /* LinearLightsOutGame.swift */,
				268059CE27E3CA1B0089FE3A /* Main.storyboard */,
				268059D127E3CA1F0089FE3A /* Assets.xcassets */,
				268059D327E3CA1F0089FE3A /* LaunchScreen.storyboard */,
				268059D627E3CA1F0089FE3A /* Info.plist */,
			);
			path = "Linear Lights Out Universal";
			sourceTree = "<group>";
		};
/* End PBXGroup section */

/* Begin PBXNativeTarget section */
		268059C427E3CA1B0089FE3A /* Linear Lights Out Universal */ = {
			isa = PBXNativeTarget;
			buildConfigurationList = 268059D927E3CA1F0089FE3A /* Build configuration list for PBXNativeTarget "Linear Lights Out Universal" */;
			buildPhases = (
				268059C127E3CA1B0089FE3A /* Sources */,
				268059C227E3CA1B0089FE3A /* Frameworks */,
				268059C327E3CA1B0089FE3A /* Resources */,
			);
			buildRules = (
			);
			dependencies = (
			);
			name = "Linear Lights Out Universal";
			productName = "Linear Lights Out Universal";
			productReference = 268059C527E3CA1B0089FE3A /* Linear Lights Out Universal.app */;
			productType = "com.apple.product-type.application";
		};
/* End PBXNativeTarget section */

/* Begin PBXProject section */
		268059BD27E3CA1B0089FE3A /* Project object */ = {
			isa = PBXProject;
			attributes = {
				BuildIndependentTargetsInParallel = 1;
				LastSwiftUpdateCheck = 1320;
				LastUpgradeCheck = 1320;
				TargetAttributes = {
					268059C427E3CA1B0089FE3A = {
						CreatedOnToolsVersion = 13.2.1;
					};
				};
			};
			buildConfigurationList = 268059C027E3CA1B0089FE3A /* Build configuration list for PBXProject "Linear Lights Out Universal" */;
			compatibilityVersion = "Xcode 13.0";
			developmentRegion = en;
			hasScannedForEncodings = 0;
			knownRegions = (
				en,
				Base,
			);
			mainGroup = 268059BC27E3CA1B0089FE3A;
			productRefGroup = 268059C627E3CA1B0089FE3A /* Products */;
			projectDirPath = "";
			projectRoot = "";
			targets = (
				268059C427E3CA1B0089FE3A /* Linear Lights Out Universal */,
			);
		};
/* End PBXProject section */

/* Begin PBXResourcesBuildPhase section */
		268059C327E3CA1B0089FE3A /* Resources */ = {
			isa = PBXResourcesBuildPhase;
			buildActionMask = 2147483647;
			files = (
				268059E727E3D3720089FE3A /* Icon-60.png in Resources */,
				268059EA27E3D3720089FE3A /* Icon@2x.png in Resources */,
				268059EC27E3D3720089FE3A /* Icon-Small-50@2x.png in Resources */,
				268059D527E3CA1F0089FE3A /* LaunchScreen.storyboard in Resources */,
				268059EF27E3D3720089FE3A /* light_on.png in Resources */,
				268059EB27E3D3720089FE3A /* Icon-Small-50.png in Resources */,
				268059E827E3D3720089FE3A /* Icon-72@2x.png in Resources */,
				268059F427E4E9C00089FE3A /* light_on_small.png in Resources */,
				268059EE27E3D3720089FE3A /* light_off.png in Resources */,
				268059F527E4E9C00089FE3A /* light_off_small.png in Resources */,
				268059E627E3D3720089FE3A /* iconBig.png in Resources */,
				268059D227E3CA1F0089FE3A /* Assets.xcassets in Resources */,
				268059ED27E3D3720089FE3A /* Icon.png in Resources */,
				268059E927E3D3720089FE3A /* Icon-72.png in Resources */,
				268059D027E3CA1B0089FE3A /* Main.storyboard in Resources */,
			);
			runOnlyForDeploymentPostprocessing = 0;
		};
/* End PBXResourcesBuildPhase section */

/* Begin PBXSourcesBuildPhase section */
		268059C127E3CA1B0089FE3A /* Sources */ = {
			isa = PBXSourcesBuildPhase;
			buildActionMask = 2147483647;
			files = (
				268059F127E3DFC50089FE3A /* LinearLightsOutGame.swift in Sources */,
				268059CD27E3CA1B0089FE3A /* ViewController.swift in Sources */,
				268059C927E3CA1B0089FE3A /* AppDelegate.swift in Sources */,
				268059CB27E3CA1B0089FE3A /* SceneDelegate.swift in Sources */,
			);
			runOnlyForDeploymentPostprocessing = 0;
		};
/* End PBXSourcesBuildPhase section */

/* Begin PBXVariantGroup section */
		268059CE27E3CA1B0089FE3A /* Main.storyboard */ = {
			isa = PBXVariantGroup;
			children = (
				268059CF27E3CA1B0089FE3A /* Base */,
			);
			name = Main.storyboard;
			sourceTree = "<group>";
		};
		268059D327E3CA1F0089FE3A /* LaunchScreen.storyboard */ = {
			isa = PBXVariantGroup;
			children = (
				268059D427E3CA1F0089FE3A /* Base */,
			);
			name = LaunchScreen.storyboard;
			sourceTree = "<group>";
		};
/* End PBXVariantGroup section */

/* Begin XCBuildConfiguration section */
		268059D727E3CA1F0089FE3A /* Debug */ = {
			isa = XCBuildConfiguration;
			buildSettings = {
				ALWAYS_SEARCH_USER_PATHS = NO;
				CLANG_ANALYZER_NONNULL = YES;
				CLANG_ANALYZER_NUMBER_OBJECT_CONVERSION = YES_AGGRESSIVE;
				CLANG_CXX_LANGUAGE_STANDARD = "gnu++17";
				CLANG_CXX_LIBRARY = "libc++";
				CLANG_ENABLE_MODULES = YES;
				CLANG_ENABLE_OBJC_ARC = YES;
				CLANG_ENABLE_OBJC_WEAK = YES;
				CLANG_WARN_BLOCK_CAPTURE_AUTORELEASING = YES;
				CLANG_WARN_BOOL_CONVERSION = YES;
				CLANG_WARN_COMMA = YES;
				CLANG_WARN_CONSTANT_CONVERSION = YES;
				CLANG_WARN_DEPRECATED_OBJC_IMPLEMENTATIONS = YES;
				CLANG_WARN_DIRECT_OBJC_ISA_USAGE = YES_ERROR;
				CLANG_WARN_DOCUMENTATION_COMMENTS = YES;
				CLANG_WARN_EMPTY_BODY = YES;
				CLANG_WARN_ENUM_CONVERSION = YES;
				CLANG_WARN_INFINITE_RECURSION = YES;
				CLANG_WARN_INT_CONVERSION = YES;
				CLANG_WARN_NON_LITERAL_NULL_CONVERSION = YES;
				CLANG_WARN_OBJC_IMPLICIT_RETAIN_SELF = YES;
				CLANG_WARN_OBJC_LITERAL_CONVERSION = YES;
				CLANG_WARN_OBJC_ROOT_CLASS = YES_ERROR;
				CLANG_WARN_QUOTED_INCLUDE_IN_FRAMEWORK_HEADER = YES;
				CLANG_WARN_RANGE_LOOP_ANALYSIS = YES;
				CLANG_WARN_STRICT_PROTOTYPES = YES;
				CLANG_WARN_SUSPICIOUS_MOVE = YES;
				CLANG_WARN_UNGUARDED_AVAILABILITY = YES_AGGRESSIVE;
				CLANG_WARN_UNREACHABLE_CODE = YES;
				CLANG_WARN__DUPLICATE_METHOD_MATCH = YES;
				COPY_PHASE_STRIP = NO;
				DEBUG_INFORMATION_FORMAT = dwarf;
				ENABLE_STRICT_OBJC_MSGSEND = YES;
				ENABLE_TESTABILITY = YES;
				GCC_C_LANGUAGE_STANDARD = gnu11;
				GCC_DYNAMIC_NO_PIC = NO;
				GCC_NO_COMMON_BLOCKS = YES;
				GCC_OPTIMIZATION_LEVEL = 0;
				GCC_PREPROCESSOR_DEFINITIONS = (
					"DEBUG=1",
					"$(inherited)",
				);
				GCC_WARN_64_TO_32_BIT_CONVERSION = YES;
				GCC_WARN_ABOUT_RETURN_TYPE = YES_ERROR;
				GCC_WARN_UNDECLARED_SELECTOR = YES;
				GCC_WARN_UNINITIALIZED_AUTOS = YES_AGGRESSIVE;
				GCC_WARN_UNUSED_FUNCTION = YES;
				GCC_WARN_UNUSED_VARIABLE = YES;
				IPHONEOS_DEPLOYMENT_TARGET = 15.2;
				MTL_ENABLE_DEBUG_INFO = INCLUDE_SOURCE;
				MTL_FAST_MATH = YES;
				ONLY_ACTIVE_ARCH = YES;
				SDKROOT = iphoneos;
				SWIFT_ACTIVE_COMPILATION_CONDITIONS = DEBUG;
				SWIFT_OPTIMIZATION_LEVEL = "-Onone";
			};
			name = Debug;
		};
		268059D827E3CA1F0089FE3A /* Release */ = {
			isa = XCBuildConfiguration;
			buildSettings = {
				ALWAYS_SEARCH_USER_PATHS = NO;
				CLANG_ANALYZER_NONNULL = YES;
				CLANG_ANALYZER_NUMBER_OBJECT_CONVERSION = YES_AGGRESSIVE;
				CLANG_CXX_LANGUAGE_STANDARD = "gnu++17";
				CLANG_CXX_LIBRARY = "libc++";
				CLANG_ENABLE_MODULES = YES;
				CLANG_ENABLE_OBJC_ARC = YES;
				CLANG_ENABLE_OBJC_WEAK = YES;
				CLANG_WARN_BLOCK_CAPTURE_AUTORELEASING = YES;
				CLANG_WARN_BOOL_CONVERSION = YES;
				CLANG_WARN_COMMA = YES;
				CLANG_WARN_CONSTANT_CONVERSION = YES;
				CLANG_WARN_DEPRECATED_OBJC_IMPLEMENTATIONS = YES;
				CLANG_WARN_DIRECT_OBJC_ISA_USAGE = YES_ERROR;
				CLANG_WARN_DOCUMENTATION_COMMENTS = YES;
				CLANG_WARN_EMPTY_BODY = YES;
				CLANG_WARN_ENUM_CONVERSION = YES;
				CLANG_WARN_INFINITE_RECURSION = YES;
				CLANG_WARN_INT_CONVERSION = YES;
				CLANG_WARN_NON_LITERAL_NULL_CONVERSION = YES;
				CLANG_WARN_OBJC_IMPLICIT_RETAIN_SELF = YES;
				CLANG_WARN_OBJC_LITERAL_CONVERSION = YES;
				CLANG_WARN_OBJC_ROOT_CLASS = YES_ERROR;
				CLANG_WARN_QUOTED_INCLUDE_IN_FRAMEWORK_HEADER = YES;
				CLANG_WARN_RANGE_LOOP_ANALYSIS = YES;
				CLANG_WARN_STRICT_PROTOTYPES = YES;
				CLANG_WARN_SUSPICIOUS_MOVE = YES;
				CLANG_WARN_UNGUARDED_AVAILABILITY = YES_AGGRESSIVE;
				CLANG_WARN_UNREACHABLE_CODE = YES;
				CLANG_WARN__DUPLICATE_METHOD_MATCH = YES;
				COPY_PHASE_STRIP = NO;
				DEBUG_INFORMATION_FORMAT = "dwarf-with-dsym";
				ENABLE_NS_ASSERTIONS = NO;
				ENABLE_STRICT_OBJC_MSGSEND = YES;
				GCC_C_LANGUAGE_STANDARD = gnu11;
				GCC_NO_COMMON_BLOCKS = YES;
				GCC_WARN_64_TO_32_BIT_CONVERSION = YES;
				GCC_WARN_ABOUT_RETURN_TYPE = YES_ERROR;
				GCC_WARN_UNDECLARED_SELECTOR = YES;
				GCC_WARN_UNINITIALIZED_AUTOS = YES_AGGRESSIVE;
				GCC_WARN_UNUSED_FUNCTION = YES;
				GCC_WARN_UNUSED_VARIABLE = YES;
				IPHONEOS_DEPLOYMENT_TARGET = 15.2;
				MTL_ENABLE_DEBUG_INFO = NO;
				MTL_FAST_MATH = YES;
				SDKROOT = iphoneos;
				SWIFT_COMPILATION_MODE = wholemodule;
				SWIFT_OPTIMIZATION_LEVEL = "-O";
				VALIDATE_PRODUCT = YES;
			};
			name = Release;
		};
		268059DA27E3CA1F0089FE3A /* Debug */ = {
			isa = XCBuildConfiguration;
			buildSettings = {
				ASSETCATALOG_COMPILER_APPICON_NAME = AppIcon;
				ASSETCATALOG_COMPILER_GLOBAL_ACCENT_COLOR_NAME = AccentColor;
				CODE_SIGN_STYLE = Automatic;
				CURRENT_PROJECT_VERSION = 1;
				DEVELOPMENT_TEAM = P868B4PPKB;
				GENERATE_INFOPLIST_FILE = YES;
				INFOPLIST_FILE = "Linear Lights Out Universal/Info.plist";
				INFOPLIST_KEY_UIApplicationSupportsIndirectInputEvents = YES;
				INFOPLIST_KEY_UILaunchStoryboardName = LaunchScreen;
				INFOPLIST_KEY_UIMainStoryboardFile = Main;
				INFOPLIST_KEY_UISupportedInterfaceOrientations_iPad = "UIInterfaceOrientationPortrait UIInterfaceOrientationPortraitUpsideDown UIInterfaceOrientationLandscapeLeft UIInterfaceOrientationLandscapeRight";
				INFOPLIST_KEY_UISupportedInterfaceOrientations_iPhone = "UIInterfaceOrientationPortrait UIInterfaceOrientationLandscapeLeft UIInterfaceOrientationLandscapeRight";
				LD_RUNPATH_SEARCH_PATHS = (
					"$(inherited)",
					"@executable_path/Frameworks",
				);
				MARKETING_VERSION = 1.0;
				PRODUCT_BUNDLE_IDENTIFIER = "edu.rose-hulman.liuj9.Linear-Lights-Out-Universal";
				PRODUCT_NAME = "$(TARGET_NAME)";
				SWIFT_EMIT_LOC_STRINGS = YES;
				SWIFT_VERSION = 5.0;
				TARGETED_DEVICE_FAMILY = "1,2";
			};
			name = Debug;
		};
		268059DB27E3CA1F0089FE3A /* Release */ = {
			isa = XCBuildConfiguration;
			buildSettings = {
				ASSETCATALOG_COMPILER_APPICON_NAME = AppIcon;
				ASSETCATALOG_COMPILER_GLOBAL_ACCENT_COLOR_NAME = AccentColor;
				CODE_SIGN_STYLE = Automatic;
				CURRENT_PROJECT_VERSION = 1;
				DEVELOPMENT_TEAM = P868B4PPKB;
				GENERATE_INFOPLIST_FILE = YES;
				INFOPLIST_FILE = "Linear Lights Out Universal/Info.plist";
				INFOPLIST_KEY_UIApplicationSupportsIndirectInputEvents = YES;
				INFOPLIST_KEY_UILaunchStoryboardName = LaunchScreen;
				INFOPLIST_KEY_UIMainStoryboardFile = Main;
				INFOPLIST_KEY_UISupportedInterfaceOrientations_iPad = "UIInterfaceOrientationPortrait UIInterfaceOrientationPortraitUpsideDown UIInterfaceOrientationLandscapeLeft UIInterfaceOrientationLandscapeRight";
				INFOPLIST_KEY_UISupportedInterfaceOrientations_iPhone = "UIInterfaceOrientationPortrait UIInterfaceOrientationLandscapeLeft UIInterfaceOrientationLandscapeRight";
				LD_RUNPATH_SEARCH_PATHS = (
					"$(inherited)",
					"@executable_path/Frameworks",
				);
				MARKETING_VERSION = 1.0;
				PRODUCT_BUNDLE_IDENTIFIER = "edu.rose-hulman.liuj9.Linear-Lights-Out-Universal";
				PRODUCT_NAME = "$(TARGET_NAME)";
				SWIFT_EMIT_LOC_STRINGS = YES;
				SWIFT_VERSION = 5.0;
				TARGETED_DEVICE_FAMILY = "1,2";
			};
			name = Release;
		};
/* End XCBuildConfiguration section */

/* Begin XCConfigurationList section */
		268059C027E3CA1B0089FE3A /* Build configuration list for PBXProject "Linear Lights Out Universal" */ = {
			isa = XCConfigurationList;
			buildConfigurations = (
				268059D727E3CA1F0089FE3A /* Debug */,
				268059D827E3CA1F0089FE3A /* Release */,
			);
			defaultConfigurationIsVisible = 0;
			defaultConfigurationName = Release;
		};
		268059D927E3CA1F0089FE3A /* Build configuration list for PBXNativeTarget "Linear Lights Out Universal" */ = {
			isa = XCConfigurationList;
			buildConfigurations = (
				268059DA27E3CA1F0089FE3A /* Debug */,
				268059DB27E3CA1F0089FE3A /* Release */,
			);
			defaultConfigurationIsVisible = 0;
			defaultConfigurationName = Release;
		};
/* End XCConfigurationList section */
	};
	rootObject = 268059BD27E3CA1B0089FE3A /* Project object */;
}
