// !$*UTF8*$!
{
	archiveVersion = 1;
	classes = {
	};
	objectVersion = 55;
	objects = {

/* Begin PBXBuildFile section */
		266177CA28239161008629A4 /* AppDelegate.swift in Sources */ = {isa = PBXBuildFile; fileRef = 266177C928239161008629A4 /* AppDelegate.swift */; };
		266177CC28239161008629A4 /* SceneDelegate.swift in Sources */ = {isa = PBXBuildFile; fileRef = 266177CB28239161008629A4 /* SceneDelegate.swift */; };
		266177D128239161008629A4 /* Main.storyboard in Resources */ = {isa = PBXBuildFile; fileRef = 266177CF28239161008629A4 /* Main.storyboard */; };
		266177D328239162008629A4 /* Assets.xcassets in Resources */ = {isa = PBXBuildFile; fileRef = 266177D228239162008629A4 /* Assets.xcassets */; };
		266177D628239162008629A4 /* LaunchScreen.storyboard in Resources */ = {isa = PBXBuildFile; fileRef = 266177D428239162008629A4 /* LaunchScreen.storyboard */; };
		266177DE282391EE008629A4 /* WelcomePageViewController.swift in Sources */ = {isa = PBXBuildFile; fileRef = 266177DD282391EE008629A4 /* WelcomePageViewController.swift */; };
		266177E1282397DA008629A4 /* AuthStateManager.swift in Sources */ = {isa = PBXBuildFile; fileRef = 266177E0282397DA008629A4 /* AuthStateManager.swift */; };
		266177E628239854008629A4 /* GoogleService-Info.plist in Resources */ = {isa = PBXBuildFile; fileRef = 266177E528239854008629A4 /* GoogleService-Info.plist */; };
		266177E928239876008629A4 /* SideMenu in Frameworks */ = {isa = PBXBuildFile; productRef = 266177E828239876008629A4 /* SideMenu */; };
		266177F828239935008629A4 /* UserDocumentManager.swift in Sources */ = {isa = PBXBuildFile; fileRef = 266177F728239935008629A4 /* UserDocumentManager.swift */; };
		266177FA282399D4008629A4 /* RegisterViewController.swift in Sources */ = {isa = PBXBuildFile; fileRef = 266177F9282399D4008629A4 /* RegisterViewController.swift */; };
		266177FC282399E5008629A4 /* LogInViewController.swift in Sources */ = {isa = PBXBuildFile; fileRef = 266177FB282399E5008629A4 /* LogInViewController.swift */; };
		266177FE28240907008629A4 /* Constants.swift in Sources */ = {isa = PBXBuildFile; fileRef = 266177FD28240907008629A4 /* Constants.swift */; };
		2661780028241900008629A4 /* GroupsTableViewController.swift in Sources */ = {isa = PBXBuildFile; fileRef = 266177FF28241900008629A4 /* GroupsTableViewController.swift */; };
		266178022824279A008629A4 /* GroupsSideMenuViewController.swift in Sources */ = {isa = PBXBuildFile; fileRef = 266178012824279A008629A4 /* GroupsSideMenuViewController.swift */; };
		26617804282429E6008629A4 /* GroupsCollectionManager.swift in Sources */ = {isa = PBXBuildFile; fileRef = 26617803282429E6008629A4 /* GroupsCollectionManager.swift */; };
		2661780628242AFB008629A4 /* Group.swift in Sources */ = {isa = PBXBuildFile; fileRef = 2661780528242AFB008629A4 /* Group.swift */; };
		2661780A28243E6F008629A4 /* Toast in Frameworks */ = {isa = PBXBuildFile; productRef = 2661780928243E6F008629A4 /* Toast */; };
		2661780C282447CB008629A4 /* UserProfileViewController.swift in Sources */ = {isa = PBXBuildFile; fileRef = 2661780B282447CB008629A4 /* UserProfileViewController.swift */; };
		2661780E2824521C008629A4 /* GroupMembersTableViewController.swift in Sources */ = {isa = PBXBuildFile; fileRef = 2661780D2824521C008629A4 /* GroupMembersTableViewController.swift */; };
		266178102824A9A4008629A4 /* MembersListManager.swift in Sources */ = {isa = PBXBuildFile; fileRef = 2661780F2824A9A4008629A4 /* MembersListManager.swift */; };
		266178122824BAFE008629A4 /* AllUsersManager.swift in Sources */ = {isa = PBXBuildFile; fileRef = 266178112824BAFE008629A4 /* AllUsersManager.swift */; };
		2661781528256625008629A4 /* FirebaseAnalytics in Frameworks */ = {isa = PBXBuildFile; productRef = 2661781428256625008629A4 /* FirebaseAnalytics */; };
		2661781728256625008629A4 /* FirebaseAuth in Frameworks */ = {isa = PBXBuildFile; productRef = 2661781628256625008629A4 /* FirebaseAuth */; };
		2661781928256625008629A4 /* FirebaseDatabase in Frameworks */ = {isa = PBXBuildFile; productRef = 2661781828256625008629A4 /* FirebaseDatabase */; };
		2661781B28256625008629A4 /* FirebaseFirestore in Frameworks */ = {isa = PBXBuildFile; productRef = 2661781A28256625008629A4 /* FirebaseFirestore */; };
		2661781D28256625008629A4 /* FirebaseFirestoreCombine-Community in Frameworks */ = {isa = PBXBuildFile; productRef = 2661781C28256625008629A4 /* FirebaseFirestoreCombine-Community */; };
		2661781F28256625008629A4 /* FirebaseFunctions in Frameworks */ = {isa = PBXBuildFile; productRef = 2661781E28256625008629A4 /* FirebaseFunctions */; };
		2661782128256625008629A4 /* FirebaseStorage in Frameworks */ = {isa = PBXBuildFile; productRef = 2661782028256625008629A4 /* FirebaseStorage */; };
		2661782328257A78008629A4 /* GroupMembersSideMenuViewController.swift in Sources */ = {isa = PBXBuildFile; fileRef = 2661782228257A78008629A4 /* GroupMembersSideMenuViewController.swift */; };
		266178252827328B008629A4 /* MessagesTableViewController.swift in Sources */ = {isa = PBXBuildFile; fileRef = 266178242827328B008629A4 /* MessagesTableViewController.swift */; };
		26617827282737B0008629A4 /* MessagesCollectionManager.swift in Sources */ = {isa = PBXBuildFile; fileRef = 26617826282737B0008629A4 /* MessagesCollectionManager.swift */; };
		26617829282739CA008629A4 /* Message.swift in Sources */ = {isa = PBXBuildFile; fileRef = 26617828282739CA008629A4 /* Message.swift */; };
		2661782B282797B6008629A4 /* MessagesSideMenuViewController.swift in Sources */ = {isa = PBXBuildFile; fileRef = 2661782A282797B6008629A4 /* MessagesSideMenuViewController.swift */; };
		2661782D28279E0C008629A4 /* MessageDetailViewController.swift in Sources */ = {isa = PBXBuildFile; fileRef = 2661782C28279E0C008629A4 /* MessageDetailViewController.swift */; };
		2661782F28279E1F008629A4 /* MessageDocumentManager.swift in Sources */ = {isa = PBXBuildFile; fileRef = 2661782E28279E1F008629A4 /* MessageDocumentManager.swift */; };
/* End PBXBuildFile section */

/* Begin PBXFileReference section */
		266177C628239161008629A4 /* Group Chat.app */ = {isa = PBXFileReference; explicitFileType = wrapper.application; includeInIndex = 0; path = "Group Chat.app"; sourceTree = BUILT_PRODUCTS_DIR; };
		266177C928239161008629A4 /* AppDelegate.swift */ = {isa = PBXFileReference; lastKnownFileType = sourcecode.swift; path = AppDelegate.swift; sourceTree = "<group>"; };
		266177CB28239161008629A4 /* SceneDelegate.swift */ = {isa = PBXFileReference; lastKnownFileType = sourcecode.swift; path = SceneDelegate.swift; sourceTree = "<group>"; };
		266177D028239161008629A4 /* Base */ = {isa = PBXFileReference; lastKnownFileType = file.storyboard; name = Base; path = Base.lproj/Main.storyboard; sourceTree = "<group>"; };
		266177D228239162008629A4 /* Assets.xcassets */ = {isa = PBXFileReference; lastKnownFileType = folder.assetcatalog; path = Assets.xcassets; sourceTree = "<group>"; };
		266177D528239162008629A4 /* Base */ = {isa = PBXFileReference; lastKnownFileType = file.storyboard; name = Base; path = Base.lproj/LaunchScreen.storyboard; sourceTree = "<group>"; };
		266177D728239162008629A4 /* Info.plist */ = {isa = PBXFileReference; lastKnownFileType = text.plist.xml; path = Info.plist; sourceTree = "<group>"; };
		266177DD282391EE008629A4 /* WelcomePageViewController.swift */ = {isa = PBXFileReference; lastKnownFileType = sourcecode.swift; path = WelcomePageViewController.swift; sourceTree = "<group>"; };
		266177E0282397DA008629A4 /* AuthStateManager.swift */ = {isa = PBXFileReference; lastKnownFileType = sourcecode.swift; path = AuthStateManager.swift; sourceTree = "<group>"; };
		266177E528239854008629A4 /* GoogleService-Info.plist */ = {isa = PBXFileReference; fileEncoding = 4; lastKnownFileType = text.plist.xml; path = "GoogleService-Info.plist"; sourceTree = "<group>"; };
		266177F728239935008629A4 /* UserDocumentManager.swift */ = {isa = PBXFileReference; lastKnownFileType = sourcecode.swift; path = UserDocumentManager.swift; sourceTree = "<group>"; };
		266177F9282399D4008629A4 /* RegisterViewController.swift */ = {isa = PBXFileReference; lastKnownFileType = sourcecode.swift; path = RegisterViewController.swift; sourceTree = "<group>"; };
		266177FB282399E5008629A4 /* LogInViewController.swift */ = {isa = PBXFileReference; lastKnownFileType = sourcecode.swift; path = LogInViewController.swift; sourceTree = "<group>"; };
		266177FD28240907008629A4 /* Constants.swift */ = {isa = PBXFileReference; lastKnownFileType = sourcecode.swift; path = Constants.swift; sourceTree = "<group>"; };
		266177FF28241900008629A4 /* GroupsTableViewController.swift */ = {isa = PBXFileReference; lastKnownFileType = sourcecode.swift; path = GroupsTableViewController.swift; sourceTree = "<group>"; };
		266178012824279A008629A4 /* GroupsSideMenuViewController.swift */ = {isa = PBXFileReference; lastKnownFileType = sourcecode.swift; path = GroupsSideMenuViewController.swift; sourceTree = "<group>"; };
		26617803282429E6008629A4 /* GroupsCollectionManager.swift */ = {isa = PBXFileReference; lastKnownFileType = sourcecode.swift; path = GroupsCollectionManager.swift; sourceTree = "<group>"; };
		2661780528242AFB008629A4 /* Group.swift */ = {isa = PBXFileReference; lastKnownFileType = sourcecode.swift; path = Group.swift; sourceTree = "<group>"; };
		2661780B282447CB008629A4 /* UserProfileViewController.swift */ = {isa = PBXFileReference; lastKnownFileType = sourcecode.swift; path = UserProfileViewController.swift; sourceTree = "<group>"; };
		2661780D2824521C008629A4 /* GroupMembersTableViewController.swift */ = {isa = PBXFileReference; lastKnownFileType = sourcecode.swift; path = GroupMembersTableViewController.swift; sourceTree = "<group>"; };
		2661780F2824A9A4008629A4 /* MembersListManager.swift */ = {isa = PBXFileReference; lastKnownFileType = sourcecode.swift; path = MembersListManager.swift; sourceTree = "<group>"; };
		266178112824BAFE008629A4 /* AllUsersManager.swift */ = {isa = PBXFileReference; lastKnownFileType = sourcecode.swift; path = AllUsersManager.swift; sourceTree = "<group>"; };
		2661782228257A78008629A4 /* GroupMembersSideMenuViewController.swift */ = {isa = PBXFileReference; lastKnownFileType = sourcecode.swift; path = GroupMembersSideMenuViewController.swift; sourceTree = "<group>"; };
		266178242827328B008629A4 /* MessagesTableViewController.swift */ = {isa = PBXFileReference; lastKnownFileType = sourcecode.swift; path = MessagesTableViewController.swift; sourceTree = "<group>"; };
		26617826282737B0008629A4 /* MessagesCollectionManager.swift */ = {isa = PBXFileReference; lastKnownFileType = sourcecode.swift; path = MessagesCollectionManager.swift; sourceTree = "<group>"; };
		26617828282739CA008629A4 /* Message.swift */ = {isa = PBXFileReference; lastKnownFileType = sourcecode.swift; path = Message.swift; sourceTree = "<group>"; };
		2661782A282797B6008629A4 /* MessagesSideMenuViewController.swift */ = {isa = PBXFileReference; lastKnownFileType = sourcecode.swift; path = MessagesSideMenuViewController.swift; sourceTree = "<group>"; };
		2661782C28279E0C008629A4 /* MessageDetailViewController.swift */ = {isa = PBXFileReference; lastKnownFileType = sourcecode.swift; path = MessageDetailViewController.swift; sourceTree = "<group>"; };
		2661782E28279E1F008629A4 /* MessageDocumentManager.swift */ = {isa = PBXFileReference; lastKnownFileType = sourcecode.swift; path = MessageDocumentManager.swift; sourceTree = "<group>"; };
/* End PBXFileReference section */

/* Begin PBXFrameworksBuildPhase section */
		266177C328239161008629A4 /* Frameworks */ = {
			isa = PBXFrameworksBuildPhase;
			buildActionMask = 2147483647;
			files = (
				2661781928256625008629A4 /* FirebaseDatabase in Frameworks */,
				2661780A28243E6F008629A4 /* Toast in Frameworks */,
				2661782128256625008629A4 /* FirebaseStorage in Frameworks */,
				266177E928239876008629A4 /* SideMenu in Frameworks */,
				2661781F28256625008629A4 /* FirebaseFunctions in Frameworks */,
				2661781528256625008629A4 /* FirebaseAnalytics in Frameworks */,
				2661781728256625008629A4 /* FirebaseAuth in Frameworks */,
				2661781B28256625008629A4 /* FirebaseFirestore in Frameworks */,
				2661781D28256625008629A4 /* FirebaseFirestoreCombine-Community in Frameworks */,
			);
			runOnlyForDeploymentPostprocessing = 0;
		};
/* End PBXFrameworksBuildPhase section */

/* Begin PBXGroup section */
		266177BD28239161008629A4 = {
			isa = PBXGroup;
			children = (
				266177C828239161008629A4 /* Group Chat */,
				266177C728239161008629A4 /* Products */,
			);
			sourceTree = "<group>";
		};
		266177C728239161008629A4 /* Products */ = {
			isa = PBXGroup;
			children = (
				266177C628239161008629A4 /* Group Chat.app */,
			);
			name = Products;
			sourceTree = "<group>";
		};
		266177C828239161008629A4 /* Group Chat */ = {
			isa = PBXGroup;
			children = (
				266177C928239161008629A4 /* AppDelegate.swift */,
				266177CB28239161008629A4 /* SceneDelegate.swift */,
				266177CF28239161008629A4 /* Main.storyboard */,
				266177D228239162008629A4 /* Assets.xcassets */,
				266177D428239162008629A4 /* LaunchScreen.storyboard */,
				266177D728239162008629A4 /* Info.plist */,
				266177E528239854008629A4 /* GoogleService-Info.plist */,
				266177FD28240907008629A4 /* Constants.swift */,
				2661780728242B01008629A4 /* Models */,
				266177E2282397E9008629A4 /* Firebase Managers */,
				266177DF2823945E008629A4 /* View Controllers */,
			);
			path = "Group Chat";
			sourceTree = "<group>";
		};
		266177DF2823945E008629A4 /* View Controllers */ = {
			isa = PBXGroup;
			children = (
				266177DD282391EE008629A4 /* WelcomePageViewController.swift */,
				266177F9282399D4008629A4 /* RegisterViewController.swift */,
				266177FB282399E5008629A4 /* LogInViewController.swift */,
				266177FF28241900008629A4 /* GroupsTableViewController.swift */,
				266178012824279A008629A4 /* GroupsSideMenuViewController.swift */,
				2661780B282447CB008629A4 /* UserProfileViewController.swift */,
				2661780D2824521C008629A4 /* GroupMembersTableViewController.swift */,
				2661782228257A78008629A4 /* GroupMembersSideMenuViewController.swift */,
				266178242827328B008629A4 /* MessagesTableViewController.swift */,
				2661782A282797B6008629A4 /* MessagesSideMenuViewController.swift */,
				2661782C28279E0C008629A4 /* MessageDetailViewController.swift */,
			);
			path = "View Controllers";
			sourceTree = "<group>";
		};
		266177E2282397E9008629A4 /* Firebase Managers */ = {
			isa = PBXGroup;
			children = (
				266177E0282397DA008629A4 /* AuthStateManager.swift */,
				266177F728239935008629A4 /* UserDocumentManager.swift */,
				26617803282429E6008629A4 /* GroupsCollectionManager.swift */,
				2661780F2824A9A4008629A4 /* MembersListManager.swift */,
				266178112824BAFE008629A4 /* AllUsersManager.swift */,
				26617826282737B0008629A4 /* MessagesCollectionManager.swift */,
				2661782E28279E1F008629A4 /* MessageDocumentManager.swift */,
			);
			path = "Firebase Managers";
			sourceTree = "<group>";
		};
		2661780728242B01008629A4 /* Models */ = {
			isa = PBXGroup;
			children = (
				2661780528242AFB008629A4 /* Group.swift */,
				26617828282739CA008629A4 /* Message.swift */,
			);
			path = Models;
			sourceTree = "<group>";
		};
/* End PBXGroup section */

/* Begin PBXNativeTarget section */
		266177C528239161008629A4 /* Group Chat */ = {
			isa = PBXNativeTarget;
			buildConfigurationList = 266177DA28239162008629A4 /* Build configuration list for PBXNativeTarget "Group Chat" */;
			buildPhases = (
				266177C228239161008629A4 /* Sources */,
				266177C328239161008629A4 /* Frameworks */,
				266177C428239161008629A4 /* Resources */,
			);
			buildRules = (
			);
			dependencies = (
			);
			name = "Group Chat";
			packageProductDependencies = (
				266177E828239876008629A4 /* SideMenu */,
				2661780928243E6F008629A4 /* Toast */,
				2661781428256625008629A4 /* FirebaseAnalytics */,
				2661781628256625008629A4 /* FirebaseAuth */,
				2661781828256625008629A4 /* FirebaseDatabase */,
				2661781A28256625008629A4 /* FirebaseFirestore */,
				2661781C28256625008629A4 /* FirebaseFirestoreCombine-Community */,
				2661781E28256625008629A4 /* FirebaseFunctions */,
				2661782028256625008629A4 /* FirebaseStorage */,
			);
			productName = "Group Chat";
			productReference = 266177C628239161008629A4 /* Group Chat.app */;
			productType = "com.apple.product-type.application";
		};
/* End PBXNativeTarget section */

/* Begin PBXProject section */
		266177BE28239161008629A4 /* Project object */ = {
			isa = PBXProject;
			attributes = {
				BuildIndependentTargetsInParallel = 1;
				LastSwiftUpdateCheck = 1330;
				LastUpgradeCheck = 1330;
				TargetAttributes = {
					266177C528239161008629A4 = {
						CreatedOnToolsVersion = 13.3.1;
					};
				};
			};
			buildConfigurationList = 266177C128239161008629A4 /* Build configuration list for PBXProject "Group Chat" */;
			compatibilityVersion = "Xcode 13.0";
			developmentRegion = en;
			hasScannedForEncodings = 0;
			knownRegions = (
				en,
				Base,
			);
			mainGroup = 266177BD28239161008629A4;
			packageReferences = (
				266177E728239876008629A4 /* XCRemoteSwiftPackageReference "SideMenu" */,
				2661780828243E6F008629A4 /* XCRemoteSwiftPackageReference "Toast-Swift" */,
				2661781328256625008629A4 /* XCRemoteSwiftPackageReference "firebase-ios-sdk" */,
			);
			productRefGroup = 266177C728239161008629A4 /* Products */;
			projectDirPath = "";
			projectRoot = "";
			targets = (
				266177C528239161008629A4 /* Group Chat */,
			);
		};
/* End PBXProject section */

/* Begin PBXResourcesBuildPhase section */
		266177C428239161008629A4 /* Resources */ = {
			isa = PBXResourcesBuildPhase;
			buildActionMask = 2147483647;
			files = (
				266177D628239162008629A4 /* LaunchScreen.storyboard in Resources */,
				266177E628239854008629A4 /* GoogleService-Info.plist in Resources */,
				266177D328239162008629A4 /* Assets.xcassets in Resources */,
				266177D128239161008629A4 /* Main.storyboard in Resources */,
			);
			runOnlyForDeploymentPostprocessing = 0;
		};
/* End PBXResourcesBuildPhase section */

/* Begin PBXSourcesBuildPhase section */
		266177C228239161008629A4 /* Sources */ = {
			isa = PBXSourcesBuildPhase;
			buildActionMask = 2147483647;
			files = (
				266177CA28239161008629A4 /* AppDelegate.swift in Sources */,
				26617827282737B0008629A4 /* MessagesCollectionManager.swift in Sources */,
				266177DE282391EE008629A4 /* WelcomePageViewController.swift in Sources */,
				2661780028241900008629A4 /* GroupsTableViewController.swift in Sources */,
				2661780628242AFB008629A4 /* Group.swift in Sources */,
				2661782B282797B6008629A4 /* MessagesSideMenuViewController.swift in Sources */,
				2661782328257A78008629A4 /* GroupMembersSideMenuViewController.swift in Sources */,
				266177F828239935008629A4 /* UserDocumentManager.swift in Sources */,
				266177FC282399E5008629A4 /* LogInViewController.swift in Sources */,
				266178122824BAFE008629A4 /* AllUsersManager.swift in Sources */,
				266177FA282399D4008629A4 /* RegisterViewController.swift in Sources */,
				2661782F28279E1F008629A4 /* MessageDocumentManager.swift in Sources */,
				266177CC28239161008629A4 /* SceneDelegate.swift in Sources */,
				266178102824A9A4008629A4 /* MembersListManager.swift in Sources */,
				2661782D28279E0C008629A4 /* MessageDetailViewController.swift in Sources */,
				2661780C282447CB008629A4 /* UserProfileViewController.swift in Sources */,
				266177E1282397DA008629A4 /* AuthStateManager.swift in Sources */,
				266178252827328B008629A4 /* MessagesTableViewController.swift in Sources */,
				26617804282429E6008629A4 /* GroupsCollectionManager.swift in Sources */,
				266178022824279A008629A4 /* GroupsSideMenuViewController.swift in Sources */,
				26617829282739CA008629A4 /* Message.swift in Sources */,
				266177FE28240907008629A4 /* Constants.swift in Sources */,
				2661780E2824521C008629A4 /* GroupMembersTableViewController.swift in Sources */,
			);
			runOnlyForDeploymentPostprocessing = 0;
		};
/* End PBXSourcesBuildPhase section */

/* Begin PBXVariantGroup section */
		266177CF28239161008629A4 /* Main.storyboard */ = {
			isa = PBXVariantGroup;
			children = (
				266177D028239161008629A4 /* Base */,
			);
			name = Main.storyboard;
			sourceTree = "<group>";
		};
		266177D428239162008629A4 /* LaunchScreen.storyboard */ = {
			isa = PBXVariantGroup;
			children = (
				266177D528239162008629A4 /* Base */,
			);
			name = LaunchScreen.storyboard;
			sourceTree = "<group>";
		};
/* End PBXVariantGroup section */

/* Begin XCBuildConfiguration section */
		266177D828239162008629A4 /* Debug */ = {
			isa = XCBuildConfiguration;
			buildSettings = {
				ALWAYS_SEARCH_USER_PATHS = NO;
				CLANG_ANALYZER_NONNULL = YES;
				CLANG_ANALYZER_NUMBER_OBJECT_CONVERSION = YES_AGGRESSIVE;
				CLANG_CXX_LANGUAGE_STANDARD = "gnu++17";
				CLANG_ENABLE_MODULES = YES;
				CLANG_ENABLE_OBJC_ARC = YES;
				CLANG_ENABLE_OBJC_WEAK = YES;
				CLANG_WARN_BLOCK_CAPTURE_AUTORELEASING = YES;
				CLANG_WARN_BOOL_CONVERSION = YES;
				CLANG_WARN_COMMA = YES;
				CLANG_WARN_CONSTANT_CONVERSION = YES;
				CLANG_WARN_DEPRECATED_OBJC_IMPLEMENTATIONS = YES;
				CLANG_WARN_DIRECT_OBJC_ISA_USAGE = YES_ERROR;
				CLANG_WARN_DOCUMENTATION_COMMENTS = YES;
				CLANG_WARN_EMPTY_BODY = YES;
				CLANG_WARN_ENUM_CONVERSION = YES;
				CLANG_WARN_INFINITE_RECURSION = YES;
				CLANG_WARN_INT_CONVERSION = YES;
				CLANG_WARN_NON_LITERAL_NULL_CONVERSION = YES;
				CLANG_WARN_OBJC_IMPLICIT_RETAIN_SELF = YES;
				CLANG_WARN_OBJC_LITERAL_CONVERSION = YES;
				CLANG_WARN_OBJC_ROOT_CLASS = YES_ERROR;
				CLANG_WARN_QUOTED_INCLUDE_IN_FRAMEWORK_HEADER = YES;
				CLANG_WARN_RANGE_LOOP_ANALYSIS = YES;
				CLANG_WARN_STRICT_PROTOTYPES = YES;
				CLANG_WARN_SUSPICIOUS_MOVE = YES;
				CLANG_WARN_UNGUARDED_AVAILABILITY = YES_AGGRESSIVE;
				CLANG_WARN_UNREACHABLE_CODE = YES;
				CLANG_WARN__DUPLICATE_METHOD_MATCH = YES;
				COPY_PHASE_STRIP = NO;
				DEBUG_INFORMATION_FORMAT = dwarf;
				ENABLE_STRICT_OBJC_MSGSEND = YES;
				ENABLE_TESTABILITY = YES;
				GCC_C_LANGUAGE_STANDARD = gnu11;
				GCC_DYNAMIC_NO_PIC = NO;
				GCC_NO_COMMON_BLOCKS = YES;
				GCC_OPTIMIZATION_LEVEL = 0;
				GCC_PREPROCESSOR_DEFINITIONS = (
					"DEBUG=1",
					"$(inherited)",
				);
				GCC_WARN_64_TO_32_BIT_CONVERSION = YES;
				GCC_WARN_ABOUT_RETURN_TYPE = YES_ERROR;
				GCC_WARN_UNDECLARED_SELECTOR = YES;
				GCC_WARN_UNINITIALIZED_AUTOS = YES_AGGRESSIVE;
				GCC_WARN_UNUSED_FUNCTION = YES;
				GCC_WARN_UNUSED_VARIABLE = YES;
				IPHONEOS_DEPLOYMENT_TARGET = 15.4;
				MTL_ENABLE_DEBUG_INFO = INCLUDE_SOURCE;
				MTL_FAST_MATH = YES;
				ONLY_ACTIVE_ARCH = YES;
				SDKROOT = iphoneos;
				SWIFT_ACTIVE_COMPILATION_CONDITIONS = DEBUG;
				SWIFT_OPTIMIZATION_LEVEL = "-Onone";
			};
			name = Debug;
		};
		266177D928239162008629A4 /* Release */ = {
			isa = XCBuildConfiguration;
			buildSettings = {
				ALWAYS_SEARCH_USER_PATHS = NO;
				CLANG_ANALYZER_NONNULL = YES;
				CLANG_ANALYZER_NUMBER_OBJECT_CONVERSION = YES_AGGRESSIVE;
				CLANG_CXX_LANGUAGE_STANDARD = "gnu++17";
				CLANG_ENABLE_MODULES = YES;
				CLANG_ENABLE_OBJC_ARC = YES;
				CLANG_ENABLE_OBJC_WEAK = YES;
				CLANG_WARN_BLOCK_CAPTURE_AUTORELEASING = YES;
				CLANG_WARN_BOOL_CONVERSION = YES;
				CLANG_WARN_COMMA = YES;
				CLANG_WARN_CONSTANT_CONVERSION = YES;
				CLANG_WARN_DEPRECATED_OBJC_IMPLEMENTATIONS = YES;
				CLANG_WARN_DIRECT_OBJC_ISA_USAGE = YES_ERROR;
				CLANG_WARN_DOCUMENTATION_COMMENTS = YES;
				CLANG_WARN_EMPTY_BODY = YES;
				CLANG_WARN_ENUM_CONVERSION = YES;
				CLANG_WARN_INFINITE_RECURSION = YES;
				CLANG_WARN_INT_CONVERSION = YES;
				CLANG_WARN_NON_LITERAL_NULL_CONVERSION = YES;
				CLANG_WARN_OBJC_IMPLICIT_RETAIN_SELF = YES;
				CLANG_WARN_OBJC_LITERAL_CONVERSION = YES;
				CLANG_WARN_OBJC_ROOT_CLASS = YES_ERROR;
				CLANG_WARN_QUOTED_INCLUDE_IN_FRAMEWORK_HEADER = YES;
				CLANG_WARN_RANGE_LOOP_ANALYSIS = YES;
				CLANG_WARN_STRICT_PROTOTYPES = YES;
				CLANG_WARN_SUSPICIOUS_MOVE = YES;
				CLANG_WARN_UNGUARDED_AVAILABILITY = YES_AGGRESSIVE;
				CLANG_WARN_UNREACHABLE_CODE = YES;
				CLANG_WARN__DUPLICATE_METHOD_MATCH = YES;
				COPY_PHASE_STRIP = NO;
				DEBUG_INFORMATION_FORMAT = "dwarf-with-dsym";
				ENABLE_NS_ASSERTIONS = NO;
				ENABLE_STRICT_OBJC_MSGSEND = YES;
				GCC_C_LANGUAGE_STANDARD = gnu11;
				GCC_NO_COMMON_BLOCKS = YES;
				GCC_WARN_64_TO_32_BIT_CONVERSION = YES;
				GCC_WARN_ABOUT_RETURN_TYPE = YES_ERROR;
				GCC_WARN_UNDECLARED_SELECTOR = YES;
				GCC_WARN_UNINITIALIZED_AUTOS = YES_AGGRESSIVE;
				GCC_WARN_UNUSED_FUNCTION = YES;
				GCC_WARN_UNUSED_VARIABLE = YES;
				IPHONEOS_DEPLOYMENT_TARGET = 15.4;
				MTL_ENABLE_DEBUG_INFO = NO;
				MTL_FAST_MATH = YES;
				SDKROOT = iphoneos;
				SWIFT_COMPILATION_MODE = wholemodule;
				SWIFT_OPTIMIZATION_LEVEL = "-O";
				VALIDATE_PRODUCT = YES;
			};
			name = Release;
		};
		266177DB28239162008629A4 /* Debug */ = {
			isa = XCBuildConfiguration;
			buildSettings = {
				ASSETCATALOG_COMPILER_APPICON_NAME = AppIcon;
				ASSETCATALOG_COMPILER_GLOBAL_ACCENT_COLOR_NAME = AccentColor;
				CODE_SIGN_STYLE = Automatic;
				CURRENT_PROJECT_VERSION = 1;
				DEVELOPMENT_TEAM = P868B4PPKB;
				GENERATE_INFOPLIST_FILE = YES;
				INFOPLIST_FILE = "Group Chat/Info.plist";
				INFOPLIST_KEY_UIApplicationSupportsIndirectInputEvents = YES;
				INFOPLIST_KEY_UILaunchStoryboardName = LaunchScreen;
				INFOPLIST_KEY_UIMainStoryboardFile = Main;
				INFOPLIST_KEY_UISupportedInterfaceOrientations_iPad = "UIInterfaceOrientationPortrait UIInterfaceOrientationPortraitUpsideDown UIInterfaceOrientationLandscapeLeft UIInterfaceOrientationLandscapeRight";
				INFOPLIST_KEY_UISupportedInterfaceOrientations_iPhone = "UIInterfaceOrientationPortrait UIInterfaceOrientationLandscapeLeft UIInterfaceOrientationLandscapeRight";
				LD_RUNPATH_SEARCH_PATHS = (
					"$(inherited)",
					"@executable_path/Frameworks",
				);
				MARKETING_VERSION = 1.0;
				PRODUCT_BUNDLE_IDENTIFIER = "edu.rose-hulman.liuj9.Group-Chat";
				PRODUCT_NAME = "$(TARGET_NAME)";
				SWIFT_EMIT_LOC_STRINGS = YES;
				SWIFT_VERSION = 5.0;
				TARGETED_DEVICE_FAMILY = "1,2";
			};
			name = Debug;
		};
		266177DC28239162008629A4 /* Release */ = {
			isa = XCBuildConfiguration;
			buildSettings = {
				ASSETCATALOG_COMPILER_APPICON_NAME = AppIcon;
				ASSETCATALOG_COMPILER_GLOBAL_ACCENT_COLOR_NAME = AccentColor;
				CODE_SIGN_STYLE = Automatic;
				CURRENT_PROJECT_VERSION = 1;
				DEVELOPMENT_TEAM = P868B4PPKB;
				GENERATE_INFOPLIST_FILE = YES;
				INFOPLIST_FILE = "Group Chat/Info.plist";
				INFOPLIST_KEY_UIApplicationSupportsIndirectInputEvents = YES;
				INFOPLIST_KEY_UILaunchStoryboardName = LaunchScreen;
				INFOPLIST_KEY_UIMainStoryboardFile = Main;
				INFOPLIST_KEY_UISupportedInterfaceOrientations_iPad = "UIInterfaceOrientationPortrait UIInterfaceOrientationPortraitUpsideDown UIInterfaceOrientationLandscapeLeft UIInterfaceOrientationLandscapeRight";
				INFOPLIST_KEY_UISupportedInterfaceOrientations_iPhone = "UIInterfaceOrientationPortrait UIInterfaceOrientationLandscapeLeft UIInterfaceOrientationLandscapeRight";
				LD_RUNPATH_SEARCH_PATHS = (
					"$(inherited)",
					"@executable_path/Frameworks",
				);
				MARKETING_VERSION = 1.0;
				PRODUCT_BUNDLE_IDENTIFIER = "edu.rose-hulman.liuj9.Group-Chat";
				PRODUCT_NAME = "$(TARGET_NAME)";
				SWIFT_EMIT_LOC_STRINGS = YES;
				SWIFT_VERSION = 5.0;
				TARGETED_DEVICE_FAMILY = "1,2";
			};
			name = Release;
		};
/* End XCBuildConfiguration section */

/* Begin XCConfigurationList section */
		266177C128239161008629A4 /* Build configuration list for PBXProject "Group Chat" */ = {
			isa = XCConfigurationList;
			buildConfigurations = (
				266177D828239162008629A4 /* Debug */,
				266177D928239162008629A4 /* Release */,
			);
			defaultConfigurationIsVisible = 0;
			defaultConfigurationName = Release;
		};
		266177DA28239162008629A4 /* Build configuration list for PBXNativeTarget "Group Chat" */ = {
			isa = XCConfigurationList;
			buildConfigurations = (
				266177DB28239162008629A4 /* Debug */,
				266177DC28239162008629A4 /* Release */,
			);
			defaultConfigurationIsVisible = 0;
			defaultConfigurationName = Release;
		};
/* End XCConfigurationList section */

/* Begin XCRemoteSwiftPackageReference section */
		266177E728239876008629A4 /* XCRemoteSwiftPackageReference "SideMenu" */ = {
			isa = XCRemoteSwiftPackageReference;
			repositoryURL = "https://github.com/jonkykong/SideMenu.git";
			requirement = {
				kind = upToNextMinorVersion;
				minimumVersion = 6.5.0;
			};
		};
		2661780828243E6F008629A4 /* XCRemoteSwiftPackageReference "Toast-Swift" */ = {
			isa = XCRemoteSwiftPackageReference;
			repositoryURL = "https://github.com/scalessec/Toast-Swift.git";
			requirement = {
				kind = upToNextMinorVersion;
				minimumVersion = 5.0.0;
			};
		};
		2661781328256625008629A4 /* XCRemoteSwiftPackageReference "firebase-ios-sdk" */ = {
			isa = XCRemoteSwiftPackageReference;
			repositoryURL = "https://github.com/firebase/firebase-ios-sdk.git";
			requirement = {
				kind = upToNextMinorVersion;
				minimumVersion = 9.0.0;
			};
		};
/* End XCRemoteSwiftPackageReference section */

/* Begin XCSwiftPackageProductDependency section */
		266177E828239876008629A4 /* SideMenu */ = {
			isa = XCSwiftPackageProductDependency;
			package = 266177E728239876008629A4 /* XCRemoteSwiftPackageReference "SideMenu" */;
			productName = SideMenu;
		};
		2661780928243E6F008629A4 /* Toast */ = {
			isa = XCSwiftPackageProductDependency;
			package = 2661780828243E6F008629A4 /* XCRemoteSwiftPackageReference "Toast-Swift" */;
			productName = Toast;
		};
		2661781428256625008629A4 /* FirebaseAnalytics */ = {
			isa = XCSwiftPackageProductDependency;
			package = 2661781328256625008629A4 /* XCRemoteSwiftPackageReference "firebase-ios-sdk" */;
			productName = FirebaseAnalytics;
		};
		2661781628256625008629A4 /* FirebaseAuth */ = {
			isa = XCSwiftPackageProductDependency;
			package = 2661781328256625008629A4 /* XCRemoteSwiftPackageReference "firebase-ios-sdk" */;
			productName = FirebaseAuth;
		};
		2661781828256625008629A4 /* FirebaseDatabase */ = {
			isa = XCSwiftPackageProductDependency;
			package = 2661781328256625008629A4 /* XCRemoteSwiftPackageReference "firebase-ios-sdk" */;
			productName = FirebaseDatabase;
		};
		2661781A28256625008629A4 /* FirebaseFirestore */ = {
			isa = XCSwiftPackageProductDependency;
			package = 2661781328256625008629A4 /* XCRemoteSwiftPackageReference "firebase-ios-sdk" */;
			productName = FirebaseFirestore;
		};
		2661781C28256625008629A4 /* FirebaseFirestoreCombine-Community */ = {
			isa = XCSwiftPackageProductDependency;
			package = 2661781328256625008629A4 /* XCRemoteSwiftPackageReference "firebase-ios-sdk" */;
			productName = "FirebaseFirestoreCombine-Community";
		};
		2661781E28256625008629A4 /* FirebaseFunctions */ = {
			isa = XCSwiftPackageProductDependency;
			package = 2661781328256625008629A4 /* XCRemoteSwiftPackageReference "firebase-ios-sdk" */;
			productName = FirebaseFunctions;
		};
		2661782028256625008629A4 /* FirebaseStorage */ = {
			isa = XCSwiftPackageProductDependency;
			package = 2661781328256625008629A4 /* XCRemoteSwiftPackageReference "firebase-ios-sdk" */;
			productName = FirebaseStorage;
		};
/* End XCSwiftPackageProductDependency section */
	};
	rootObject = 266177BE28239161008629A4 /* Project object */;
}
